PODS:
  - Kanna (4.0.2)
  - SVProgressHUD (2.2.5)

DEPENDENCIES:
  - Kanna
  - SVProgressHUD

SPEC REPOS:
  https://github.com/CocoaPods/Specs.git:
    - Kanna
    - SVProgressHUD

SPEC CHECKSUMS:
  Kanna: c60b61d72554bf04ed1ee074f9b379855cab4892
  SVProgressHUD: 1428aafac632c1f86f62aa4243ec12008d7a51d6

PODFILE CHECKSUM: 1e070a93f221c5da063810baf5eecd2011c48662

COCOAPODS: 1.5.0.beta.1
