// !$*UTF8*$!
{
	archiveVersion = 1;
	classes = {
	};
	objectVersion = 50;
	objects = {

/* Begin PBXBuildFile section */
		3E007BCE213BD0780007DD5C /* RegisterAlertViewController.swift in Sources */ = {isa = PBXBuildFile; fileRef = 3E007BCD213BD0780007DD5C /* RegisterAlertViewController.swift */; };
		3E025BCE2163952300F93D4E /* Assets.xcassets in Resources */ = {isa = PBXBuildFile; fileRef = 3E9F6AE6212EFE85005E76DA /* Assets.xcassets */; };
		3E025BD02163B74600F93D4E /* TodayViewPresenter.swift in Sources */ = {isa = PBXBuildFile; fileRef = 3E025BCF2163B74600F93D4E /* TodayViewPresenter.swift */; };
		3E41C2FC213A319100371B4F /* GitBingoError.swift in Sources */ = {isa = PBXBuildFile; fileRef = 3E41C2FB213A319100371B4F /* GitBingoError.swift */; };
		3E49ACC1216EDA6200E834F7 /* Localizable.strings in Resources */ = {isa = PBXBuildFile; fileRef = 3EAD214721401E4D00049859 /* Localizable.strings */; };
		3E74ADFF21AF75EC00DE3B82 /* SessionManagerProtocol.swift in Sources */ = {isa = PBXBuildFile; fileRef = 3E74ADFE21AF75EC00DE3B82 /* SessionManagerProtocol.swift */; };
		3E74AE0021AF765100DE3B82 /* SessionManagerProtocol.swift in Sources */ = {isa = PBXBuildFile; fileRef = 3E74ADFE21AF75EC00DE3B82 /* SessionManagerProtocol.swift */; };
		3E74AE0121AF765300DE3B82 /* SessionManagerProtocol.swift in Sources */ = {isa = PBXBuildFile; fileRef = 3E74ADFE21AF75EC00DE3B82 /* SessionManagerProtocol.swift */; };
		3E74AE0221AF771400DE3B82 /* APIService.swift in Sources */ = {isa = PBXBuildFile; fileRef = 3EBC8589212EFF4C002540A8 /* APIService.swift */; };
		3E74AE0521AF777300DE3B82 /* HTMLParsingProtocol.swift in Sources */ = {isa = PBXBuildFile; fileRef = 3E74AE0421AF777300DE3B82 /* HTMLParsingProtocol.swift */; };
		3E74AE0621AF777700DE3B82 /* HTMLParsingProtocol.swift in Sources */ = {isa = PBXBuildFile; fileRef = 3E74AE0421AF777300DE3B82 /* HTMLParsingProtocol.swift */; };
		3E74AE0721AF777800DE3B82 /* HTMLParsingProtocol.swift in Sources */ = {isa = PBXBuildFile; fileRef = 3E74AE0421AF777300DE3B82 /* HTMLParsingProtocol.swift */; };
		3E74AE0821AF77A700DE3B82 /* Contributions.swift in Sources */ = {isa = PBXBuildFile; fileRef = 3EBC8593212F0CC3002540A8 /* Contributions.swift */; };
		3E74AE0921AF77A700DE3B82 /* Contributions.swift in Sources */ = {isa = PBXBuildFile; fileRef = 3EBC8593212F0CC3002540A8 /* Contributions.swift */; };
		3E74AE0A21AF77AC00DE3B82 /* GitBingoError.swift in Sources */ = {isa = PBXBuildFile; fileRef = 3E41C2FB213A319100371B4F /* GitBingoError.swift */; };
		3E74AE0B21AF77B800DE3B82 /* Dot.swift in Sources */ = {isa = PBXBuildFile; fileRef = 3EBC858F212F094D002540A8 /* Dot.swift */; };
		3E74AE0C21AF77BD00DE3B82 /* ContributionGrade.swift in Sources */ = {isa = PBXBuildFile; fileRef = 3EBC8591212F09D1002540A8 /* ContributionGrade.swift */; };
		3E74AE0D21AF77EE00DE3B82 /* UIColorExtensions.swift in Sources */ = {isa = PBXBuildFile; fileRef = 3EBC858C212F0912002540A8 /* UIColorExtensions.swift */; };
		3E74AE0E21AF77FB00DE3B82 /* LocalizedString.swift in Sources */ = {isa = PBXBuildFile; fileRef = 3EAD214B21401EE000049859 /* LocalizedString.swift */; };
		3E74AE1021AF8FAE00DE3B82 /* SessionManagerStub.swift in Sources */ = {isa = PBXBuildFile; fileRef = 3E74AE0F21AF8FAE00DE3B82 /* SessionManagerStub.swift */; };
		3E74AE1221AF8FD000DE3B82 /* APIServiceStub.swift in Sources */ = {isa = PBXBuildFile; fileRef = 3E74AE1121AF8FD000DE3B82 /* APIServiceStub.swift */; };
		3E74AE1321AF902800DE3B82 /* MainViewPresenter.swift in Sources */ = {isa = PBXBuildFile; fileRef = 3E98A3D721396725002983D8 /* MainViewPresenter.swift */; };
		3E74AE1421AF918A00DE3B82 /* GroupUserDefaults.swift in Sources */ = {isa = PBXBuildFile; fileRef = 3E9ECD04215D7E530089755E /* GroupUserDefaults.swift */; };
		3E74AE1521AF918F00DE3B82 /* RefreshMode.swift in Sources */ = {isa = PBXBuildFile; fileRef = 3EFBF116213AA222002B3142 /* RefreshMode.swift */; };
		3E74AE1621AF91BB00DE3B82 /* KeyIdentifier.swift in Sources */ = {isa = PBXBuildFile; fileRef = 3E9D2ADF213D1B8F0009DAD8 /* KeyIdentifier.swift */; };
		3E74AE1821AFADC300DE3B82 /* MainViewStub.swift in Sources */ = {isa = PBXBuildFile; fileRef = 3E74AE1721AFADC300DE3B82 /* MainViewStub.swift */; };
		3E74AE1A21AFAE9000DE3B82 /* GitBingoPresenterTests.swift in Sources */ = {isa = PBXBuildFile; fileRef = 3E74AE1921AFAE9000DE3B82 /* GitBingoPresenterTests.swift */; };
		3E98A3D821396725002983D8 /* MainViewPresenter.swift in Sources */ = {isa = PBXBuildFile; fileRef = 3E98A3D721396725002983D8 /* MainViewPresenter.swift */; };
		3E9D2ADE213D1AFD0009DAD8 /* CustomAlert.swift in Sources */ = {isa = PBXBuildFile; fileRef = 3E9D2ADD213D1AFD0009DAD8 /* CustomAlert.swift */; };
		3E9D2AE0213D1B8F0009DAD8 /* KeyIdentifier.swift in Sources */ = {isa = PBXBuildFile; fileRef = 3E9D2ADF213D1B8F0009DAD8 /* KeyIdentifier.swift */; };
		3E9D2AE2213D1D100009DAD8 /* RegisterViewPresenter.swift in Sources */ = {isa = PBXBuildFile; fileRef = 3E9D2AE1213D1D100009DAD8 /* RegisterViewPresenter.swift */; };
		3E9ECCE6215C0BB00089755E /* NotificationCenter.framework in Frameworks */ = {isa = PBXBuildFile; fileRef = 3E9ECCE5215C0BB00089755E /* NotificationCenter.framework */; };
		3E9ECCE9215C0BB00089755E /* TodayViewController.swift in Sources */ = {isa = PBXBuildFile; fileRef = 3E9ECCE8215C0BB00089755E /* TodayViewController.swift */; };
		3E9ECCEC215C0BB00089755E /* MainInterface.storyboard in Resources */ = {isa = PBXBuildFile; fileRef = 3E9ECCEA215C0BB00089755E /* MainInterface.storyboard */; };
		3E9ECCF0215C0BB00089755E /* GitBingo Widget.appex in Embed App Extensions */ = {isa = PBXBuildFile; fileRef = 3E9ECCE4215C0BAF0089755E /* GitBingo Widget.appex */; settings = {ATTRIBUTES = (RemoveHeadersOnCopy, ); }; };
		3E9ECCFA215C10AF0089755E /* GitBingoError.swift in Sources */ = {isa = PBXBuildFile; fileRef = 3E41C2FB213A319100371B4F /* GitBingoError.swift */; };
		3E9ECCFB215C10CB0089755E /* LocalizedString.swift in Sources */ = {isa = PBXBuildFile; fileRef = 3EAD214B21401EE000049859 /* LocalizedString.swift */; };
		3E9ECCFC215C10D20089755E /* Dot.swift in Sources */ = {isa = PBXBuildFile; fileRef = 3EBC858F212F094D002540A8 /* Dot.swift */; };
		3E9ECCFD215C10D50089755E /* ContributionGrade.swift in Sources */ = {isa = PBXBuildFile; fileRef = 3EBC8591212F09D1002540A8 /* ContributionGrade.swift */; };
		3E9ECCFF215C10DA0089755E /* APIService.swift in Sources */ = {isa = PBXBuildFile; fileRef = 3EBC8589212EFF4C002540A8 /* APIService.swift */; };
		3E9ECD00215C10EA0089755E /* UIColorExtensions.swift in Sources */ = {isa = PBXBuildFile; fileRef = 3EBC858C212F0912002540A8 /* UIColorExtensions.swift */; };
		3E9ECD03215C1C660089755E /* KeyIdentifier.swift in Sources */ = {isa = PBXBuildFile; fileRef = 3E9D2ADF213D1B8F0009DAD8 /* KeyIdentifier.swift */; };
		3E9ECD05215D7E530089755E /* GroupUserDefaults.swift in Sources */ = {isa = PBXBuildFile; fileRef = 3E9ECD04215D7E530089755E /* GroupUserDefaults.swift */; };
		3E9ECD06215D80AC0089755E /* GroupUserDefaults.swift in Sources */ = {isa = PBXBuildFile; fileRef = 3E9ECD04215D7E530089755E /* GroupUserDefaults.swift */; };
		3E9ECD08215DD2C30089755E /* AppURL.swift in Sources */ = {isa = PBXBuildFile; fileRef = 3E9ECD07215DD2C30089755E /* AppURL.swift */; };
		3E9ECD09215DD2D20089755E /* AppURL.swift in Sources */ = {isa = PBXBuildFile; fileRef = 3E9ECD07215DD2C30089755E /* AppURL.swift */; };
		3E9F6AE0212EFE84005E76DA /* AppDelegate.swift in Sources */ = {isa = PBXBuildFile; fileRef = 3E9F6ADF212EFE84005E76DA /* AppDelegate.swift */; };
		3E9F6AE2212EFE84005E76DA /* ViewController.swift in Sources */ = {isa = PBXBuildFile; fileRef = 3E9F6AE1212EFE84005E76DA /* ViewController.swift */; };
		3E9F6AE5212EFE84005E76DA /* Main.storyboard in Resources */ = {isa = PBXBuildFile; fileRef = 3E9F6AE3212EFE84005E76DA /* Main.storyboard */; };
		3E9F6AE7212EFE85005E76DA /* Assets.xcassets in Resources */ = {isa = PBXBuildFile; fileRef = 3E9F6AE6212EFE85005E76DA /* Assets.xcassets */; };
		3E9F6AEA212EFE85005E76DA /* LaunchScreen.storyboard in Resources */ = {isa = PBXBuildFile; fileRef = 3E9F6AE8212EFE85005E76DA /* LaunchScreen.storyboard */; };
		3EAD214521401E4D00049859 /* Localizable.strings in Resources */ = {isa = PBXBuildFile; fileRef = 3EAD214721401E4D00049859 /* Localizable.strings */; };
		3EAD214C21401EE000049859 /* LocalizedString.swift in Sources */ = {isa = PBXBuildFile; fileRef = 3EAD214B21401EE000049859 /* LocalizedString.swift */; };
		3EBC858A212EFF4C002540A8 /* APIService.swift in Sources */ = {isa = PBXBuildFile; fileRef = 3EBC8589212EFF4C002540A8 /* APIService.swift */; };
		3EBC858D212F0912002540A8 /* UIColorExtensions.swift in Sources */ = {isa = PBXBuildFile; fileRef = 3EBC858C212F0912002540A8 /* UIColorExtensions.swift */; };
		3EBC8590212F094D002540A8 /* Dot.swift in Sources */ = {isa = PBXBuildFile; fileRef = 3EBC858F212F094D002540A8 /* Dot.swift */; };
		3EBC8592212F09D1002540A8 /* ContributionGrade.swift in Sources */ = {isa = PBXBuildFile; fileRef = 3EBC8591212F09D1002540A8 /* ContributionGrade.swift */; };
		3EBC8594212F0CC3002540A8 /* Contributions.swift in Sources */ = {isa = PBXBuildFile; fileRef = 3EBC8593212F0CC3002540A8 /* Contributions.swift */; };
		3ED9666F2156FB60008A8897 /* GitBingoAlertState.swift in Sources */ = {isa = PBXBuildFile; fileRef = 3ED9666E2156FB60008A8897 /* GitBingoAlertState.swift */; };
		3EE0A3CD219FD3280003962E /* Parser.swift in Sources */ = {isa = PBXBuildFile; fileRef = 3EE0A3CC219FD3280003962E /* Parser.swift */; };
		3EE0A3CE219FD3720003962E /* Parser.swift in Sources */ = {isa = PBXBuildFile; fileRef = 3EE0A3CC219FD3280003962E /* Parser.swift */; };
		3EE0A3D6219FD4540003962E /* GitBingoTests.swift in Sources */ = {isa = PBXBuildFile; fileRef = 3EE0A3D5219FD4540003962E /* GitBingoTests.swift */; };
		3EF465E821674C6700E877D7 /* ReusableIdentifier.swift in Sources */ = {isa = PBXBuildFile; fileRef = 3EFBF11E213AE60F002B3142 /* ReusableIdentifier.swift */; };
		3EFBF117213AA222002B3142 /* RefreshMode.swift in Sources */ = {isa = PBXBuildFile; fileRef = 3EFBF116213AA222002B3142 /* RefreshMode.swift */; };
		3EFBF11B213AE2BE002B3142 /* SectionHeaderView.swift in Sources */ = {isa = PBXBuildFile; fileRef = 3EFBF11A213AE2BE002B3142 /* SectionHeaderView.swift */; };
		3EFBF11D213AE2CE002B3142 /* SectionFooterView.swift in Sources */ = {isa = PBXBuildFile; fileRef = 3EFBF11C213AE2CE002B3142 /* SectionFooterView.swift */; };
		3EFBF11F213AE60F002B3142 /* ReusableIdentifier.swift in Sources */ = {isa = PBXBuildFile; fileRef = 3EFBF11E213AE60F002B3142 /* ReusableIdentifier.swift */; };
		D0A00E275CBBA4D03F87A6AC /* Pods_GitBingo.framework in Frameworks */ = {isa = PBXBuildFile; fileRef = 66E8CC45C06872C44992DEE5 /* Pods_GitBingo.framework */; };
		EF8696A60B2318777674E23B /* Pods_GitBingo_Widget.framework in Frameworks */ = {isa = PBXBuildFile; fileRef = 4F6CBE3AD583DBCE1DF782DF /* Pods_GitBingo_Widget.framework */; };
/* End PBXBuildFile section */

/* Begin PBXContainerItemProxy section */
		3E9ECCEE215C0BB00089755E /* PBXContainerItemProxy */ = {
			isa = PBXContainerItemProxy;
			containerPortal = 3E9F6AD4212EFE84005E76DA /* Project object */;
			proxyType = 1;
			remoteGlobalIDString = 3E9ECCE3215C0BAF0089755E;
			remoteInfo = "GitBingo Widget";
		};
		3EE0A3D8219FD4540003962E /* PBXContainerItemProxy */ = {
			isa = PBXContainerItemProxy;
			containerPortal = 3E9F6AD4212EFE84005E76DA /* Project object */;
			proxyType = 1;
			remoteGlobalIDString = 3E9F6ADB212EFE84005E76DA;
			remoteInfo = GitBingo;
		};
/* End PBXContainerItemProxy section */

/* Begin PBXCopyFilesBuildPhase section */
		3E9ECCF4215C0BB00089755E /* Embed App Extensions */ = {
			isa = PBXCopyFilesBuildPhase;
			buildActionMask = 2147483647;
			dstPath = "";
			dstSubfolderSpec = 13;
			files = (
				3E9ECCF0215C0BB00089755E /* GitBingo Widget.appex in Embed App Extensions */,
			);
			name = "Embed App Extensions";
			runOnlyForDeploymentPostprocessing = 0;
		};
/* End PBXCopyFilesBuildPhase section */

/* Begin PBXFileReference section */
		06B0D3F9794FDFB0E4B689D8 /* Pods-GitBingo.release.xcconfig */ = {isa = PBXFileReference; includeInIndex = 1; lastKnownFileType = text.xcconfig; name = "Pods-GitBingo.release.xcconfig"; path = "Pods/Target Support Files/Pods-GitBingo/Pods-GitBingo.release.xcconfig"; sourceTree = "<group>"; };
		0B3A2418F4C9FCD8A5C151C3 /* Pods-GitBingo Widget.debug.xcconfig */ = {isa = PBXFileReference; includeInIndex = 1; lastKnownFileType = text.xcconfig; name = "Pods-GitBingo Widget.debug.xcconfig"; path = "Pods/Target Support Files/Pods-GitBingo Widget/Pods-GitBingo Widget.debug.xcconfig"; sourceTree = "<group>"; };
		3E007BCD213BD0780007DD5C /* RegisterAlertViewController.swift */ = {isa = PBXFileReference; lastKnownFileType = sourcecode.swift; path = RegisterAlertViewController.swift; sourceTree = "<group>"; };
		3E025BCF2163B74600F93D4E /* TodayViewPresenter.swift */ = {isa = PBXFileReference; lastKnownFileType = sourcecode.swift; path = TodayViewPresenter.swift; sourceTree = "<group>"; };
		3E0E50F82140C34800CDC145 /* en */ = {isa = PBXFileReference; lastKnownFileType = text.plist.strings; name = en; path = en.lproj/Main.strings; sourceTree = "<group>"; };
		3E41C2FB213A319100371B4F /* GitBingoError.swift */ = {isa = PBXFileReference; lastKnownFileType = sourcecode.swift; path = GitBingoError.swift; sourceTree = "<group>"; };
		3E49ACBE216EDA5800E834F7 /* en */ = {isa = PBXFileReference; lastKnownFileType = text.plist.strings; name = en; path = en.lproj/MainInterface.strings; sourceTree = "<group>"; };
		3E49ACC0216EDA5D00E834F7 /* ko */ = {isa = PBXFileReference; lastKnownFileType = text.plist.strings; name = ko; path = ko.lproj/MainInterface.strings; sourceTree = "<group>"; };
		3E74ADFE21AF75EC00DE3B82 /* SessionManagerProtocol.swift */ = {isa = PBXFileReference; lastKnownFileType = sourcecode.swift; path = SessionManagerProtocol.swift; sourceTree = "<group>"; };
		3E74AE0421AF777300DE3B82 /* HTMLParsingProtocol.swift */ = {isa = PBXFileReference; lastKnownFileType = sourcecode.swift; path = HTMLParsingProtocol.swift; sourceTree = "<group>"; };
		3E74AE0F21AF8FAE00DE3B82 /* SessionManagerStub.swift */ = {isa = PBXFileReference; lastKnownFileType = sourcecode.swift; path = SessionManagerStub.swift; sourceTree = "<group>"; };
		3E74AE1121AF8FD000DE3B82 /* APIServiceStub.swift */ = {isa = PBXFileReference; lastKnownFileType = sourcecode.swift; path = APIServiceStub.swift; sourceTree = "<group>"; };
		3E74AE1721AFADC300DE3B82 /* MainViewStub.swift */ = {isa = PBXFileReference; lastKnownFileType = sourcecode.swift; path = MainViewStub.swift; sourceTree = "<group>"; };
		3E74AE1921AFAE9000DE3B82 /* GitBingoPresenterTests.swift */ = {isa = PBXFileReference; lastKnownFileType = sourcecode.swift; path = GitBingoPresenterTests.swift; sourceTree = "<group>"; };
		3E98A3D721396725002983D8 /* MainViewPresenter.swift */ = {isa = PBXFileReference; lastKnownFileType = sourcecode.swift; path = MainViewPresenter.swift; sourceTree = "<group>"; };
		3E9D2ADD213D1AFD0009DAD8 /* CustomAlert.swift */ = {isa = PBXFileReference; lastKnownFileType = sourcecode.swift; path = CustomAlert.swift; sourceTree = "<group>"; };
		3E9D2ADF213D1B8F0009DAD8 /* KeyIdentifier.swift */ = {isa = PBXFileReference; lastKnownFileType = sourcecode.swift; path = KeyIdentifier.swift; sourceTree = "<group>"; };
		3E9D2AE1213D1D100009DAD8 /* RegisterViewPresenter.swift */ = {isa = PBXFileReference; lastKnownFileType = sourcecode.swift; path = RegisterViewPresenter.swift; sourceTree = "<group>"; };
		3E9ECCE4215C0BAF0089755E /* GitBingo Widget.appex */ = {isa = PBXFileReference; explicitFileType = "wrapper.app-extension"; includeInIndex = 0; path = "GitBingo Widget.appex"; sourceTree = BUILT_PRODUCTS_DIR; };
		3E9ECCE5215C0BB00089755E /* NotificationCenter.framework */ = {isa = PBXFileReference; lastKnownFileType = wrapper.framework; name = NotificationCenter.framework; path = System/Library/Frameworks/NotificationCenter.framework; sourceTree = SDKROOT; };
		3E9ECCE8215C0BB00089755E /* TodayViewController.swift */ = {isa = PBXFileReference; lastKnownFileType = sourcecode.swift; path = TodayViewController.swift; sourceTree = "<group>"; };
		3E9ECCEB215C0BB00089755E /* Base */ = {isa = PBXFileReference; lastKnownFileType = file.storyboard; name = Base; path = Base.lproj/MainInterface.storyboard; sourceTree = "<group>"; };
		3E9ECCED215C0BB00089755E /* Info.plist */ = {isa = PBXFileReference; lastKnownFileType = text.plist.xml; path = Info.plist; sourceTree = "<group>"; };
		3E9ECD01215C1B450089755E /* GitBingo.entitlements */ = {isa = PBXFileReference; lastKnownFileType = text.plist.entitlements; path = GitBingo.entitlements; sourceTree = "<group>"; };
		3E9ECD02215C1B5B0089755E /* GitBingo Widget.entitlements */ = {isa = PBXFileReference; lastKnownFileType = text.plist.entitlements; path = "GitBingo Widget.entitlements"; sourceTree = "<group>"; };
		3E9ECD04215D7E530089755E /* GroupUserDefaults.swift */ = {isa = PBXFileReference; lastKnownFileType = sourcecode.swift; path = GroupUserDefaults.swift; sourceTree = "<group>"; };
		3E9ECD07215DD2C30089755E /* AppURL.swift */ = {isa = PBXFileReference; lastKnownFileType = sourcecode.swift; path = AppURL.swift; sourceTree = "<group>"; };
		3E9F6ADC212EFE84005E76DA /* GitBingo.app */ = {isa = PBXFileReference; explicitFileType = wrapper.application; includeInIndex = 0; path = GitBingo.app; sourceTree = BUILT_PRODUCTS_DIR; };
		3E9F6ADF212EFE84005E76DA /* AppDelegate.swift */ = {isa = PBXFileReference; lastKnownFileType = sourcecode.swift; path = AppDelegate.swift; sourceTree = "<group>"; };
		3E9F6AE1212EFE84005E76DA /* ViewController.swift */ = {isa = PBXFileReference; lastKnownFileType = sourcecode.swift; path = ViewController.swift; sourceTree = "<group>"; };
		3E9F6AE4212EFE84005E76DA /* Base */ = {isa = PBXFileReference; lastKnownFileType = file.storyboard; name = Base; path = Base.lproj/Main.storyboard; sourceTree = "<group>"; };
		3E9F6AE6212EFE85005E76DA /* Assets.xcassets */ = {isa = PBXFileReference; lastKnownFileType = folder.assetcatalog; path = Assets.xcassets; sourceTree = "<group>"; };
		3E9F6AE9212EFE85005E76DA /* Base */ = {isa = PBXFileReference; lastKnownFileType = file.storyboard; name = Base; path = Base.lproj/LaunchScreen.storyboard; sourceTree = "<group>"; };
		3E9F6AEB212EFE85005E76DA /* Info.plist */ = {isa = PBXFileReference; lastKnownFileType = text.plist.xml; path = Info.plist; sourceTree = "<group>"; };
		3EAD214621401E4D00049859 /* en */ = {isa = PBXFileReference; lastKnownFileType = text.plist.strings; name = en; path = en.lproj/Localizable.strings; sourceTree = "<group>"; };
		3EAD214821401E8900049859 /* ko */ = {isa = PBXFileReference; lastKnownFileType = text.plist.strings; name = ko; path = ko.lproj/Main.strings; sourceTree = "<group>"; };
		3EAD214921401E8900049859 /* ko */ = {isa = PBXFileReference; lastKnownFileType = text.plist.strings; name = ko; path = ko.lproj/LaunchScreen.strings; sourceTree = "<group>"; };
		3EAD214A21401E8900049859 /* ko */ = {isa = PBXFileReference; lastKnownFileType = text.plist.strings; name = ko; path = ko.lproj/Localizable.strings; sourceTree = "<group>"; };
		3EAD214B21401EE000049859 /* LocalizedString.swift */ = {isa = PBXFileReference; lastKnownFileType = sourcecode.swift; path = LocalizedString.swift; sourceTree = "<group>"; };
		3EBC8589212EFF4C002540A8 /* APIService.swift */ = {isa = PBXFileReference; lastKnownFileType = sourcecode.swift; path = APIService.swift; sourceTree = "<group>"; };
		3EBC858C212F0912002540A8 /* UIColorExtensions.swift */ = {isa = PBXFileReference; lastKnownFileType = sourcecode.swift; path = UIColorExtensions.swift; sourceTree = "<group>"; };
		3EBC858F212F094D002540A8 /* Dot.swift */ = {isa = PBXFileReference; lastKnownFileType = sourcecode.swift; path = Dot.swift; sourceTree = "<group>"; };
		3EBC8591212F09D1002540A8 /* ContributionGrade.swift */ = {isa = PBXFileReference; lastKnownFileType = sourcecode.swift; path = ContributionGrade.swift; sourceTree = "<group>"; };
		3EBC8593212F0CC3002540A8 /* Contributions.swift */ = {isa = PBXFileReference; lastKnownFileType = sourcecode.swift; path = Contributions.swift; sourceTree = "<group>"; };
		3ED9666E2156FB60008A8897 /* GitBingoAlertState.swift */ = {isa = PBXFileReference; lastKnownFileType = sourcecode.swift; path = GitBingoAlertState.swift; sourceTree = "<group>"; };
		3EE0A3CC219FD3280003962E /* Parser.swift */ = {isa = PBXFileReference; lastKnownFileType = sourcecode.swift; path = Parser.swift; sourceTree = "<group>"; };
		3EE0A3D3219FD4540003962E /* GitBingoTests.xctest */ = {isa = PBXFileReference; explicitFileType = wrapper.cfbundle; includeInIndex = 0; path = GitBingoTests.xctest; sourceTree = BUILT_PRODUCTS_DIR; };
		3EE0A3D5219FD4540003962E /* GitBingoTests.swift */ = {isa = PBXFileReference; lastKnownFileType = sourcecode.swift; path = GitBingoTests.swift; sourceTree = "<group>"; };
		3EE0A3D7219FD4540003962E /* Info.plist */ = {isa = PBXFileReference; lastKnownFileType = text.plist.xml; path = Info.plist; sourceTree = "<group>"; };
		3EFBF116213AA222002B3142 /* RefreshMode.swift */ = {isa = PBXFileReference; lastKnownFileType = sourcecode.swift; path = RefreshMode.swift; sourceTree = "<group>"; };
		3EFBF11A213AE2BE002B3142 /* SectionHeaderView.swift */ = {isa = PBXFileReference; lastKnownFileType = sourcecode.swift; path = SectionHeaderView.swift; sourceTree = "<group>"; };
		3EFBF11C213AE2CE002B3142 /* SectionFooterView.swift */ = {isa = PBXFileReference; lastKnownFileType = sourcecode.swift; path = SectionFooterView.swift; sourceTree = "<group>"; };
		3EFBF11E213AE60F002B3142 /* ReusableIdentifier.swift */ = {isa = PBXFileReference; lastKnownFileType = sourcecode.swift; path = ReusableIdentifier.swift; sourceTree = "<group>"; };
		4F6CBE3AD583DBCE1DF782DF /* Pods_GitBingo_Widget.framework */ = {isa = PBXFileReference; explicitFileType = wrapper.framework; includeInIndex = 0; path = Pods_GitBingo_Widget.framework; sourceTree = BUILT_PRODUCTS_DIR; };
		614835ACA74051AEE57BE1E6 /* Pods-GitBingo.debug.xcconfig */ = {isa = PBXFileReference; includeInIndex = 1; lastKnownFileType = text.xcconfig; name = "Pods-GitBingo.debug.xcconfig"; path = "Pods/Target Support Files/Pods-GitBingo/Pods-GitBingo.debug.xcconfig"; sourceTree = "<group>"; };
		66E8CC45C06872C44992DEE5 /* Pods_GitBingo.framework */ = {isa = PBXFileReference; explicitFileType = wrapper.framework; includeInIndex = 0; path = Pods_GitBingo.framework; sourceTree = BUILT_PRODUCTS_DIR; };
		9E62AED9D0A440C7BAFBA1C4 /* Pods-GitBingo Widget.release.xcconfig */ = {isa = PBXFileReference; includeInIndex = 1; lastKnownFileType = text.xcconfig; name = "Pods-GitBingo Widget.release.xcconfig"; path = "Pods/Target Support Files/Pods-GitBingo Widget/Pods-GitBingo Widget.release.xcconfig"; sourceTree = "<group>"; };
		BE69592BBC0AC1B2DC9B2555 /* Pods-GitBingoMVPTests.debug.xcconfig */ = {isa = PBXFileReference; includeInIndex = 1; lastKnownFileType = text.xcconfig; name = "Pods-GitBingoMVPTests.debug.xcconfig"; path = "Pods/Target Support Files/Pods-GitBingoMVPTests/Pods-GitBingoMVPTests.debug.xcconfig"; sourceTree = "<group>"; };
		D239E7D9A82A3FC5281A0B51 /* Pods_GitBingoMVPTests.framework */ = {isa = PBXFileReference; explicitFileType = wrapper.framework; includeInIndex = 0; path = Pods_GitBingoMVPTests.framework; sourceTree = BUILT_PRODUCTS_DIR; };
		DED38B19AE960636A5577854 /* Pods-GitBingoMVPTests.release.xcconfig */ = {isa = PBXFileReference; includeInIndex = 1; lastKnownFileType = text.xcconfig; name = "Pods-GitBingoMVPTests.release.xcconfig"; path = "Pods/Target Support Files/Pods-GitBingoMVPTests/Pods-GitBingoMVPTests.release.xcconfig"; sourceTree = "<group>"; };
/* End PBXFileReference section */

/* Begin PBXFrameworksBuildPhase section */
		3E9ECCE1215C0BAF0089755E /* Frameworks */ = {
			isa = PBXFrameworksBuildPhase;
			buildActionMask = 2147483647;
			files = (
				3E9ECCE6215C0BB00089755E /* NotificationCenter.framework in Frameworks */,
				EF8696A60B2318777674E23B /* Pods_GitBingo_Widget.framework in Frameworks */,
			);
			runOnlyForDeploymentPostprocessing = 0;
		};
		3E9F6AD9212EFE84005E76DA /* Frameworks */ = {
			isa = PBXFrameworksBuildPhase;
			buildActionMask = 2147483647;
			files = (
				D0A00E275CBBA4D03F87A6AC /* Pods_GitBingo.framework in Frameworks */,
			);
			runOnlyForDeploymentPostprocessing = 0;
		};
		3EE0A3D0219FD4540003962E /* Frameworks */ = {
			isa = PBXFrameworksBuildPhase;
			buildActionMask = 2147483647;
			files = (
			);
			runOnlyForDeploymentPostprocessing = 0;
		};
/* End PBXFrameworksBuildPhase section */

/* Begin PBXGroup section */
		3E007BCC213BD0560007DD5C /* ViewControllers */ = {
			isa = PBXGroup;
			children = (
				3E9F6AE1212EFE84005E76DA /* ViewController.swift */,
				3E007BCD213BD0780007DD5C /* RegisterAlertViewController.swift */,
			);
			path = ViewControllers;
			sourceTree = "<group>";
		};
		3E41C2FA213A318300371B4F /* Helper */ = {
			isa = PBXGroup;
			children = (
				3E41C2FB213A319100371B4F /* GitBingoError.swift */,
				3EFBF116213AA222002B3142 /* RefreshMode.swift */,
				3E9D2ADF213D1B8F0009DAD8 /* KeyIdentifier.swift */,
				3ED9666E2156FB60008A8897 /* GitBingoAlertState.swift */,
				3E9ECD07215DD2C30089755E /* AppURL.swift */,
			);
			path = Helper;
			sourceTree = "<group>";
		};
		3E74AE0321AF775C00DE3B82 /* Protocols */ = {
			isa = PBXGroup;
			children = (
				3E74AE0421AF777300DE3B82 /* HTMLParsingProtocol.swift */,
				3E74ADFE21AF75EC00DE3B82 /* SessionManagerProtocol.swift */,
			);
			path = Protocols;
			sourceTree = "<group>";
		};
		3E98A3D621396716002983D8 /* Presenters */ = {
			isa = PBXGroup;
			children = (
				3E98A3D721396725002983D8 /* MainViewPresenter.swift */,
				3E9D2AE1213D1D100009DAD8 /* RegisterViewPresenter.swift */,
			);
			path = Presenters;
			sourceTree = "<group>";
		};
		3E9ECCE7215C0BB00089755E /* GitBingo Widget */ = {
			isa = PBXGroup;
			children = (
				3E9ECD02215C1B5B0089755E /* GitBingo Widget.entitlements */,
				3E9ECCE8215C0BB00089755E /* TodayViewController.swift */,
				3E025BCF2163B74600F93D4E /* TodayViewPresenter.swift */,
				3E9ECCEA215C0BB00089755E /* MainInterface.storyboard */,
				3E9ECCED215C0BB00089755E /* Info.plist */,
			);
			path = "GitBingo Widget";
			sourceTree = "<group>";
		};
		3E9F6AD3212EFE84005E76DA = {
			isa = PBXGroup;
			children = (
				3E9F6ADE212EFE84005E76DA /* GitBingo */,
				3E9ECCE7215C0BB00089755E /* GitBingo Widget */,
				3EE0A3D4219FD4540003962E /* GitBingoTests */,
				3E9F6ADD212EFE84005E76DA /* Products */,
				575079EBB40B2821944E3002 /* Pods */,
				8E0845C7CB97F204213F45CD /* Frameworks */,
			);
			sourceTree = "<group>";
		};
		3E9F6ADD212EFE84005E76DA /* Products */ = {
			isa = PBXGroup;
			children = (
				3E9F6ADC212EFE84005E76DA /* GitBingo.app */,
				3E9ECCE4215C0BAF0089755E /* GitBingo Widget.appex */,
				3EE0A3D3219FD4540003962E /* GitBingoTests.xctest */,
			);
			name = Products;
			sourceTree = "<group>";
		};
		3E9F6ADE212EFE84005E76DA /* GitBingo */ = {
			isa = PBXGroup;
			children = (
				3E74AE0321AF775C00DE3B82 /* Protocols */,
				3E9ECD01215C1B450089755E /* GitBingo.entitlements */,
				3EAD214221401E2900049859 /* Localizing */,
				3E007BCC213BD0560007DD5C /* ViewControllers */,
				3EFBF118213AE2A1002B3142 /* View */,
				3E41C2FA213A318300371B4F /* Helper */,
				3E98A3D621396716002983D8 /* Presenters */,
				3EBC858E212F093A002540A8 /* Model */,
				3EBC858B212F08FE002540A8 /* Extensions */,
				3EBC8588212EFF3F002540A8 /* APIService */,
				3E9F6ADF212EFE84005E76DA /* AppDelegate.swift */,
				3E9F6AE3212EFE84005E76DA /* Main.storyboard */,
				3E9F6AE6212EFE85005E76DA /* Assets.xcassets */,
				3E9F6AE8212EFE85005E76DA /* LaunchScreen.storyboard */,
				3E9F6AEB212EFE85005E76DA /* Info.plist */,
			);
			path = GitBingo;
			sourceTree = "<group>";
		};
		3EAD214221401E2900049859 /* Localizing */ = {
			isa = PBXGroup;
			children = (
				3EAD214721401E4D00049859 /* Localizable.strings */,
			);
			path = Localizing;
			sourceTree = "<group>";
		};
		3EBC8588212EFF3F002540A8 /* APIService */ = {
			isa = PBXGroup;
			children = (
				3EBC8589212EFF4C002540A8 /* APIService.swift */,
				3E9ECD04215D7E530089755E /* GroupUserDefaults.swift */,
				3EE0A3CC219FD3280003962E /* Parser.swift */,
			);
			path = APIService;
			sourceTree = "<group>";
		};
		3EBC858B212F08FE002540A8 /* Extensions */ = {
			isa = PBXGroup;
			children = (
				3EBC858C212F0912002540A8 /* UIColorExtensions.swift */,
				3EFBF11E213AE60F002B3142 /* ReusableIdentifier.swift */,
				3E9D2ADD213D1AFD0009DAD8 /* CustomAlert.swift */,
				3EAD214B21401EE000049859 /* LocalizedString.swift */,
			);
			path = Extensions;
			sourceTree = "<group>";
		};
		3EBC858E212F093A002540A8 /* Model */ = {
			isa = PBXGroup;
			children = (
				3EBC858F212F094D002540A8 /* Dot.swift */,
				3EBC8591212F09D1002540A8 /* ContributionGrade.swift */,
				3EBC8593212F0CC3002540A8 /* Contributions.swift */,
			);
			path = Model;
			sourceTree = "<group>";
		};
		3EE0A3D4219FD4540003962E /* GitBingoTests */ = {
			isa = PBXGroup;
			children = (
				3EE0A3D5219FD4540003962E /* GitBingoTests.swift */,
				3E74AE1921AFAE9000DE3B82 /* GitBingoPresenterTests.swift */,
				3E74AE0F21AF8FAE00DE3B82 /* SessionManagerStub.swift */,
				3E74AE1121AF8FD000DE3B82 /* APIServiceStub.swift */,
				3E74AE1721AFADC300DE3B82 /* MainViewStub.swift */,
				3EE0A3D7219FD4540003962E /* Info.plist */,
			);
			path = GitBingoTests;
			sourceTree = "<group>";
		};
		3EFBF118213AE2A1002B3142 /* View */ = {
			isa = PBXGroup;
			children = (
				3EFBF11A213AE2BE002B3142 /* SectionHeaderView.swift */,
				3EFBF11C213AE2CE002B3142 /* SectionFooterView.swift */,
			);
			path = View;
			sourceTree = "<group>";
		};
		575079EBB40B2821944E3002 /* Pods */ = {
			isa = PBXGroup;
			children = (
				614835ACA74051AEE57BE1E6 /* Pods-GitBingo.debug.xcconfig */,
				06B0D3F9794FDFB0E4B689D8 /* Pods-GitBingo.release.xcconfig */,
				0B3A2418F4C9FCD8A5C151C3 /* Pods-GitBingo Widget.debug.xcconfig */,
				9E62AED9D0A440C7BAFBA1C4 /* Pods-GitBingo Widget.release.xcconfig */,
				BE69592BBC0AC1B2DC9B2555 /* Pods-GitBingoMVPTests.debug.xcconfig */,
				DED38B19AE960636A5577854 /* Pods-GitBingoMVPTests.release.xcconfig */,
			);
			name = Pods;
			sourceTree = "<group>";
		};
		8E0845C7CB97F204213F45CD /* Frameworks */ = {
			isa = PBXGroup;
			children = (
				66E8CC45C06872C44992DEE5 /* Pods_GitBingo.framework */,
				3E9ECCE5215C0BB00089755E /* NotificationCenter.framework */,
				4F6CBE3AD583DBCE1DF782DF /* Pods_GitBingo_Widget.framework */,
				D239E7D9A82A3FC5281A0B51 /* Pods_GitBingoMVPTests.framework */,
			);
			name = Frameworks;
			sourceTree = "<group>";
		};
/* End PBXGroup section */

/* Begin PBXNativeTarget section */
		3E9ECCE3215C0BAF0089755E /* GitBingo Widget */ = {
			isa = PBXNativeTarget;
			buildConfigurationList = 3E9ECCF3215C0BB00089755E /* Build configuration list for PBXNativeTarget "GitBingo Widget" */;
			buildPhases = (
				365572A6307C80B9F498E813 /* [CP] Check Pods Manifest.lock */,
				3E9ECCE0215C0BAF0089755E /* Sources */,
				3E9ECCE1215C0BAF0089755E /* Frameworks */,
				3E9ECCE2215C0BAF0089755E /* Resources */,
			);
			buildRules = (
			);
			dependencies = (
			);
			name = "GitBingo Widget";
			productName = "GitBingo Widget";
			productReference = 3E9ECCE4215C0BAF0089755E /* GitBingo Widget.appex */;
			productType = "com.apple.product-type.app-extension";
		};
		3E9F6ADB212EFE84005E76DA /* GitBingo */ = {
			isa = PBXNativeTarget;
			buildConfigurationList = 3E9F6AEE212EFE85005E76DA /* Build configuration list for PBXNativeTarget "GitBingo" */;
			buildPhases = (
				5ED799F23571E94D6E8E29E6 /* [CP] Check Pods Manifest.lock */,
				3E9F6AD8212EFE84005E76DA /* Sources */,
				3E9F6AD9212EFE84005E76DA /* Frameworks */,
				3E9F6ADA212EFE84005E76DA /* Resources */,
				C3F69FC11C669E4DE3C10D07 /* [CP] Embed Pods Frameworks */,
				3E9ECCF4215C0BB00089755E /* Embed App Extensions */,
			);
			buildRules = (
			);
			dependencies = (
				3E9ECCEF215C0BB00089755E /* PBXTargetDependency */,
			);
			name = GitBingo;
			productName = Gitergy;
			productReference = 3E9F6ADC212EFE84005E76DA /* GitBingo.app */;
			productType = "com.apple.product-type.application";
		};
		3EE0A3D2219FD4540003962E /* GitBingoTests */ = {
			isa = PBXNativeTarget;
			buildConfigurationList = 3EE0A3DA219FD4540003962E /* Build configuration list for PBXNativeTarget "GitBingoTests" */;
			buildPhases = (
				3EE0A3CF219FD4540003962E /* Sources */,
				3EE0A3D0219FD4540003962E /* Frameworks */,
				3EE0A3D1219FD4540003962E /* Resources */,
			);
			buildRules = (
			);
			dependencies = (
				3EE0A3D9219FD4540003962E /* PBXTargetDependency */,
			);
			name = GitBingoTests;
			productName = GitBingoTests;
			productReference = 3EE0A3D3219FD4540003962E /* GitBingoTests.xctest */;
			productType = "com.apple.product-type.bundle.unit-test";
		};
/* End PBXNativeTarget section */

/* Begin PBXProject section */
		3E9F6AD4212EFE84005E76DA /* Project object */ = {
			isa = PBXProject;
			attributes = {
				LastSwiftUpdateCheck = 1010;
				LastUpgradeCheck = 0940;
				ORGANIZATIONNAME = "이동건";
				TargetAttributes = {
					3E9ECCE3215C0BAF0089755E = {
						CreatedOnToolsVersion = 10.0;
						SystemCapabilities = {
							com.apple.ApplicationGroups.iOS = {
								enabled = 1;
							};
						};
					};
					3E9F6ADB212EFE84005E76DA = {
						CreatedOnToolsVersion = 9.4.1;
						LastSwiftMigration = 1000;
						SystemCapabilities = {
							com.apple.ApplicationGroups.iOS = {
								enabled = 1;
							};
						};
					};
					3EE0A3D2219FD4540003962E = {
						CreatedOnToolsVersion = 10.1;
						TestTargetID = 3E9F6ADB212EFE84005E76DA;
					};
				};
			};
			buildConfigurationList = 3E9F6AD7212EFE84005E76DA /* Build configuration list for PBXProject "GitBingo" */;
			compatibilityVersion = "Xcode 9.3";
			developmentRegion = en;
			hasScannedForEncodings = 0;
			knownRegions = (
				en,
				Base,
				ko,
			);
			mainGroup = 3E9F6AD3212EFE84005E76DA;
			productRefGroup = 3E9F6ADD212EFE84005E76DA /* Products */;
			projectDirPath = "";
			projectRoot = "";
			targets = (
				3E9F6ADB212EFE84005E76DA /* GitBingo */,
				3E9ECCE3215C0BAF0089755E /* GitBingo Widget */,
				3EE0A3D2219FD4540003962E /* GitBingoTests */,
			);
		};
/* End PBXProject section */

/* Begin PBXResourcesBuildPhase section */
		3E9ECCE2215C0BAF0089755E /* Resources */ = {
			isa = PBXResourcesBuildPhase;
			buildActionMask = 2147483647;
			files = (
				3E025BCE2163952300F93D4E /* Assets.xcassets in Resources */,
				3E49ACC1216EDA6200E834F7 /* Localizable.strings in Resources */,
				3E9ECCEC215C0BB00089755E /* MainInterface.storyboard in Resources */,
			);
			runOnlyForDeploymentPostprocessing = 0;
		};
		3E9F6ADA212EFE84005E76DA /* Resources */ = {
			isa = PBXResourcesBuildPhase;
			buildActionMask = 2147483647;
			files = (
				3E9F6AEA212EFE85005E76DA /* LaunchScreen.storyboard in Resources */,
				3EAD214521401E4D00049859 /* Localizable.strings in Resources */,
				3E9F6AE7212EFE85005E76DA /* Assets.xcassets in Resources */,
				3E9F6AE5212EFE84005E76DA /* Main.storyboard in Resources */,
			);
			runOnlyForDeploymentPostprocessing = 0;
		};
		3EE0A3D1219FD4540003962E /* Resources */ = {
			isa = PBXResourcesBuildPhase;
			buildActionMask = 2147483647;
			files = (
			);
			runOnlyForDeploymentPostprocessing = 0;
		};
/* End PBXResourcesBuildPhase section */

/* Begin PBXShellScriptBuildPhase section */
		365572A6307C80B9F498E813 /* [CP] Check Pods Manifest.lock */ = {
			isa = PBXShellScriptBuildPhase;
			buildActionMask = 2147483647;
			files = (
			);
			inputPaths = (
				"${PODS_PODFILE_DIR_PATH}/Podfile.lock",
				"${PODS_ROOT}/Manifest.lock",
			);
			name = "[CP] Check Pods Manifest.lock";
			outputPaths = (
				"$(DERIVED_FILE_DIR)/Pods-GitBingo Widget-checkManifestLockResult.txt",
			);
			runOnlyForDeploymentPostprocessing = 0;
			shellPath = /bin/sh;
			shellScript = "diff \"${PODS_PODFILE_DIR_PATH}/Podfile.lock\" \"${PODS_ROOT}/Manifest.lock\" > /dev/null\nif [ $? != 0 ] ; then\n    # print error to STDERR\n    echo \"error: The sandbox is not in sync with the Podfile.lock. Run 'pod install' or update your CocoaPods installation.\" >&2\n    exit 1\nfi\n# This output is used by Xcode 'outputs' to avoid re-running this script phase.\necho \"SUCCESS\" > \"${SCRIPT_OUTPUT_FILE_0}\"\n";
			showEnvVarsInLog = 0;
		};
		5ED799F23571E94D6E8E29E6 /* [CP] Check Pods Manifest.lock */ = {
			isa = PBXShellScriptBuildPhase;
			buildActionMask = 2147483647;
			files = (
			);
			inputPaths = (
				"${PODS_PODFILE_DIR_PATH}/Podfile.lock",
				"${PODS_ROOT}/Manifest.lock",
			);
			name = "[CP] Check Pods Manifest.lock";
			outputPaths = (
				"$(DERIVED_FILE_DIR)/Pods-GitBingo-checkManifestLockResult.txt",
			);
			runOnlyForDeploymentPostprocessing = 0;
			shellPath = /bin/sh;
			shellScript = "diff \"${PODS_PODFILE_DIR_PATH}/Podfile.lock\" \"${PODS_ROOT}/Manifest.lock\" > /dev/null\nif [ $? != 0 ] ; then\n    # print error to STDERR\n    echo \"error: The sandbox is not in sync with the Podfile.lock. Run 'pod install' or update your CocoaPods installation.\" >&2\n    exit 1\nfi\n# This output is used by Xcode 'outputs' to avoid re-running this script phase.\necho \"SUCCESS\" > \"${SCRIPT_OUTPUT_FILE_0}\"\n";
			showEnvVarsInLog = 0;
		};
		C3F69FC11C669E4DE3C10D07 /* [CP] Embed Pods Frameworks */ = {
			isa = PBXShellScriptBuildPhase;
			buildActionMask = 2147483647;
			files = (
			);
			inputPaths = (
				"${SRCROOT}/Pods/Target Support Files/Pods-GitBingo/Pods-GitBingo-frameworks.sh",
				"${BUILT_PRODUCTS_DIR}/Kanna/Kanna.framework",
				"${BUILT_PRODUCTS_DIR}/SVProgressHUD/SVProgressHUD.framework",
			);
			name = "[CP] Embed Pods Frameworks";
			outputPaths = (
				"${TARGET_BUILD_DIR}/${FRAMEWORKS_FOLDER_PATH}/Kanna.framework",
				"${TARGET_BUILD_DIR}/${FRAMEWORKS_FOLDER_PATH}/SVProgressHUD.framework",
			);
			runOnlyForDeploymentPostprocessing = 0;
			shellPath = /bin/sh;
			shellScript = "\"${SRCROOT}/Pods/Target Support Files/Pods-GitBingo/Pods-GitBingo-frameworks.sh\"\n";
			showEnvVarsInLog = 0;
		};
/* End PBXShellScriptBuildPhase section */

/* Begin PBXSourcesBuildPhase section */
		3E9ECCE0215C0BAF0089755E /* Sources */ = {
			isa = PBXSourcesBuildPhase;
			buildActionMask = 2147483647;
			files = (
				3E74AE0121AF765300DE3B82 /* SessionManagerProtocol.swift in Sources */,
				3E74AE0821AF77A700DE3B82 /* Contributions.swift in Sources */,
				3E9ECCE9215C0BB00089755E /* TodayViewController.swift in Sources */,
				3E9ECCFF215C10DA0089755E /* APIService.swift in Sources */,
				3E9ECCFA215C10AF0089755E /* GitBingoError.swift in Sources */,
				3E9ECCFB215C10CB0089755E /* LocalizedString.swift in Sources */,
				3E9ECD06215D80AC0089755E /* GroupUserDefaults.swift in Sources */,
				3E9ECD03215C1C660089755E /* KeyIdentifier.swift in Sources */,
				3EE0A3CE219FD3720003962E /* Parser.swift in Sources */,
				3EF465E821674C6700E877D7 /* ReusableIdentifier.swift in Sources */,
				3E9ECD09215DD2D20089755E /* AppURL.swift in Sources */,
				3E9ECCFC215C10D20089755E /* Dot.swift in Sources */,
				3E9ECCFD215C10D50089755E /* ContributionGrade.swift in Sources */,
				3E9ECD00215C10EA0089755E /* UIColorExtensions.swift in Sources */,
				3E025BD02163B74600F93D4E /* TodayViewPresenter.swift in Sources */,
				3E74AE0721AF777800DE3B82 /* HTMLParsingProtocol.swift in Sources */,
			);
			runOnlyForDeploymentPostprocessing = 0;
		};
		3E9F6AD8212EFE84005E76DA /* Sources */ = {
			isa = PBXSourcesBuildPhase;
			buildActionMask = 2147483647;
			files = (
				3EAD214C21401EE000049859 /* LocalizedString.swift in Sources */,
				3EFBF11B213AE2BE002B3142 /* SectionHeaderView.swift in Sources */,
				3E9F6AE2212EFE84005E76DA /* ViewController.swift in Sources */,
				3EBC8594212F0CC3002540A8 /* Contributions.swift in Sources */,
				3E9ECD05215D7E530089755E /* GroupUserDefaults.swift in Sources */,
				3E98A3D821396725002983D8 /* MainViewPresenter.swift in Sources */,
				3E9ECD08215DD2C30089755E /* AppURL.swift in Sources */,
				3EBC858A212EFF4C002540A8 /* APIService.swift in Sources */,
				3E74ADFF21AF75EC00DE3B82 /* SessionManagerProtocol.swift in Sources */,
				3EFBF11D213AE2CE002B3142 /* SectionFooterView.swift in Sources */,
				3E9D2AE0213D1B8F0009DAD8 /* KeyIdentifier.swift in Sources */,
				3ED9666F2156FB60008A8897 /* GitBingoAlertState.swift in Sources */,
				3E9D2AE2213D1D100009DAD8 /* RegisterViewPresenter.swift in Sources */,
				3EFBF11F213AE60F002B3142 /* ReusableIdentifier.swift in Sources */,
				3EFBF117213AA222002B3142 /* RefreshMode.swift in Sources */,
				3E74AE0521AF777300DE3B82 /* HTMLParsingProtocol.swift in Sources */,
				3E41C2FC213A319100371B4F /* GitBingoError.swift in Sources */,
				3E9F6AE0212EFE84005E76DA /* AppDelegate.swift in Sources */,
				3E007BCE213BD0780007DD5C /* RegisterAlertViewController.swift in Sources */,
				3EBC8592212F09D1002540A8 /* ContributionGrade.swift in Sources */,
				3EBC8590212F094D002540A8 /* Dot.swift in Sources */,
				3EBC858D212F0912002540A8 /* UIColorExtensions.swift in Sources */,
				3EE0A3CD219FD3280003962E /* Parser.swift in Sources */,
				3E9D2ADE213D1AFD0009DAD8 /* CustomAlert.swift in Sources */,
			);
			runOnlyForDeploymentPostprocessing = 0;
		};
		3EE0A3CF219FD4540003962E /* Sources */ = {
			isa = PBXSourcesBuildPhase;
			buildActionMask = 2147483647;
			files = (
				3E74AE0E21AF77FB00DE3B82 /* LocalizedString.swift in Sources */,
				3E74AE0D21AF77EE00DE3B82 /* UIColorExtensions.swift in Sources */,
				3E74AE0021AF765100DE3B82 /* SessionManagerProtocol.swift in Sources */,
				3E74AE1A21AFAE9000DE3B82 /* GitBingoPresenterTests.swift in Sources */,
				3E74AE0921AF77A700DE3B82 /* Contributions.swift in Sources */,
				3E74AE1421AF918A00DE3B82 /* GroupUserDefaults.swift in Sources */,
				3E74AE1221AF8FD000DE3B82 /* APIServiceStub.swift in Sources */,
				3E74AE0221AF771400DE3B82 /* APIService.swift in Sources */,
				3E74AE0B21AF77B800DE3B82 /* Dot.swift in Sources */,
				3E74AE0A21AF77AC00DE3B82 /* GitBingoError.swift in Sources */,
				3E74AE1521AF918F00DE3B82 /* RefreshMode.swift in Sources */,
				3E74AE1621AF91BB00DE3B82 /* KeyIdentifier.swift in Sources */,
				3E74AE1321AF902800DE3B82 /* MainViewPresenter.swift in Sources */,
				3E74AE1821AFADC300DE3B82 /* MainViewStub.swift in Sources */,
				3E74AE0C21AF77BD00DE3B82 /* ContributionGrade.swift in Sources */,
				3EE0A3D6219FD4540003962E /* GitBingoTests.swift in Sources */,
				3E74AE0621AF777700DE3B82 /* HTMLParsingProtocol.swift in Sources */,
				3E74AE1021AF8FAE00DE3B82 /* SessionManagerStub.swift in Sources */,
			);
			runOnlyForDeploymentPostprocessing = 0;
		};
/* End PBXSourcesBuildPhase section */

/* Begin PBXTargetDependency section */
		3E9ECCEF215C0BB00089755E /* PBXTargetDependency */ = {
			isa = PBXTargetDependency;
			target = 3E9ECCE3215C0BAF0089755E /* GitBingo Widget */;
			targetProxy = 3E9ECCEE215C0BB00089755E /* PBXContainerItemProxy */;
		};
		3EE0A3D9219FD4540003962E /* PBXTargetDependency */ = {
			isa = PBXTargetDependency;
			target = 3E9F6ADB212EFE84005E76DA /* GitBingo */;
			targetProxy = 3EE0A3D8219FD4540003962E /* PBXContainerItemProxy */;
		};
/* End PBXTargetDependency section */

/* Begin PBXVariantGroup section */
		3E9ECCEA215C0BB00089755E /* MainInterface.storyboard */ = {
			isa = PBXVariantGroup;
			children = (
				3E9ECCEB215C0BB00089755E /* Base */,
				3E49ACBE216EDA5800E834F7 /* en */,
				3E49ACC0216EDA5D00E834F7 /* ko */,
			);
			name = MainInterface.storyboard;
			sourceTree = "<group>";
		};
		3E9F6AE3212EFE84005E76DA /* Main.storyboard */ = {
			isa = PBXVariantGroup;
			children = (
				3E9F6AE4212EFE84005E76DA /* Base */,
				3EAD214821401E8900049859 /* ko */,
				3E0E50F82140C34800CDC145 /* en */,
			);
			name = Main.storyboard;
			sourceTree = "<group>";
		};
		3E9F6AE8212EFE85005E76DA /* LaunchScreen.storyboard */ = {
			isa = PBXVariantGroup;
			children = (
				3E9F6AE9212EFE85005E76DA /* Base */,
				3EAD214921401E8900049859 /* ko */,
			);
			name = LaunchScreen.storyboard;
			sourceTree = "<group>";
		};
		3EAD214721401E4D00049859 /* Localizable.strings */ = {
			isa = PBXVariantGroup;
			children = (
				3EAD214621401E4D00049859 /* en */,
				3EAD214A21401E8900049859 /* ko */,
			);
			name = Localizable.strings;
			sourceTree = "<group>";
		};
/* End PBXVariantGroup section */

/* Begin XCBuildConfiguration section */
		3E9ECCF1215C0BB00089755E /* Debug */ = {
			isa = XCBuildConfiguration;
			baseConfigurationReference = 0B3A2418F4C9FCD8A5C151C3 /* Pods-GitBingo Widget.debug.xcconfig */;
			buildSettings = {
				CODE_SIGN_ENTITLEMENTS = "GitBingo Widget/GitBingo Widget.entitlements";
				CODE_SIGN_IDENTITY = "iPhone Developer";
				CODE_SIGN_STYLE = Automatic;
				DEVELOPMENT_TEAM = 452DHHAC9T;
				INFOPLIST_FILE = "GitBingo Widget/Info.plist";
				IPHONEOS_DEPLOYMENT_TARGET = 10.0;
				LD_RUNPATH_SEARCH_PATHS = (
					"$(inherited)",
					"@executable_path/Frameworks",
					"@executable_path/../../Frameworks",
				);
				MTL_ENABLE_DEBUG_INFO = INCLUDE_SOURCE;
				MTL_FAST_MATH = YES;
				PRODUCT_BUNDLE_IDENTIFIER = "com.dk.GitBingo.GitBingo-Widget";
				PRODUCT_NAME = "$(TARGET_NAME)";
				SKIP_INSTALL = YES;
				SWIFT_VERSION = 4.2;
				TARGETED_DEVICE_FAMILY = 1;
			};
			name = Debug;
		};
		3E9ECCF2215C0BB00089755E /* Release */ = {
			isa = XCBuildConfiguration;
			baseConfigurationReference = 9E62AED9D0A440C7BAFBA1C4 /* Pods-GitBingo Widget.release.xcconfig */;
			buildSettings = {
				CODE_SIGN_ENTITLEMENTS = "GitBingo Widget/GitBingo Widget.entitlements";
				CODE_SIGN_IDENTITY = "iPhone Developer";
				CODE_SIGN_STYLE = Automatic;
				DEVELOPMENT_TEAM = 452DHHAC9T;
				INFOPLIST_FILE = "GitBingo Widget/Info.plist";
				IPHONEOS_DEPLOYMENT_TARGET = 10.0;
				LD_RUNPATH_SEARCH_PATHS = (
					"$(inherited)",
					"@executable_path/Frameworks",
					"@executable_path/../../Frameworks",
				);
				MTL_FAST_MATH = YES;
				PRODUCT_BUNDLE_IDENTIFIER = "com.dk.GitBingo.GitBingo-Widget";
				PRODUCT_NAME = "$(TARGET_NAME)";
				SKIP_INSTALL = YES;
				SWIFT_VERSION = 4.2;
				TARGETED_DEVICE_FAMILY = 1;
			};
			name = Release;
		};
		3E9F6AEC212EFE85005E76DA /* Debug */ = {
			isa = XCBuildConfiguration;
			buildSettings = {
				ALWAYS_SEARCH_USER_PATHS = NO;
				CLANG_ANALYZER_LOCALIZABILITY_NONLOCALIZED = YES;
				CLANG_ANALYZER_NONNULL = YES;
				CLANG_ANALYZER_NUMBER_OBJECT_CONVERSION = YES_AGGRESSIVE;
				CLANG_CXX_LANGUAGE_STANDARD = "gnu++14";
				CLANG_CXX_LIBRARY = "libc++";
				CLANG_ENABLE_MODULES = YES;
				CLANG_ENABLE_OBJC_ARC = YES;
				CLANG_ENABLE_OBJC_WEAK = YES;
				CLANG_WARN_BLOCK_CAPTURE_AUTORELEASING = YES;
				CLANG_WARN_BOOL_CONVERSION = YES;
				CLANG_WARN_COMMA = YES;
				CLANG_WARN_CONSTANT_CONVERSION = YES;
				CLANG_WARN_DEPRECATED_OBJC_IMPLEMENTATIONS = YES;
				CLANG_WARN_DIRECT_OBJC_ISA_USAGE = YES_ERROR;
				CLANG_WARN_DOCUMENTATION_COMMENTS = YES;
				CLANG_WARN_EMPTY_BODY = YES;
				CLANG_WARN_ENUM_CONVERSION = YES;
				CLANG_WARN_INFINITE_RECURSION = YES;
				CLANG_WARN_INT_CONVERSION = YES;
				CLANG_WARN_NON_LITERAL_NULL_CONVERSION = YES;
				CLANG_WARN_OBJC_IMPLICIT_RETAIN_SELF = YES;
				CLANG_WARN_OBJC_LITERAL_CONVERSION = YES;
				CLANG_WARN_OBJC_ROOT_CLASS = YES_ERROR;
				CLANG_WARN_RANGE_LOOP_ANALYSIS = YES;
				CLANG_WARN_STRICT_PROTOTYPES = YES;
				CLANG_WARN_SUSPICIOUS_MOVE = YES;
				CLANG_WARN_UNGUARDED_AVAILABILITY = YES_AGGRESSIVE;
				CLANG_WARN_UNREACHABLE_CODE = YES;
				CLANG_WARN__DUPLICATE_METHOD_MATCH = YES;
				CODE_SIGN_IDENTITY = "iPhone Developer";
				COPY_PHASE_STRIP = NO;
				DEBUG_INFORMATION_FORMAT = dwarf;
				ENABLE_STRICT_OBJC_MSGSEND = YES;
				ENABLE_TESTABILITY = YES;
				GCC_C_LANGUAGE_STANDARD = gnu11;
				GCC_DYNAMIC_NO_PIC = NO;
				GCC_NO_COMMON_BLOCKS = YES;
				GCC_OPTIMIZATION_LEVEL = 0;
				GCC_PREPROCESSOR_DEFINITIONS = (
					"DEBUG=1",
					"$(inherited)",
				);
				GCC_WARN_64_TO_32_BIT_CONVERSION = YES;
				GCC_WARN_ABOUT_RETURN_TYPE = YES_ERROR;
				GCC_WARN_UNDECLARED_SELECTOR = YES;
				GCC_WARN_UNINITIALIZED_AUTOS = YES_AGGRESSIVE;
				GCC_WARN_UNUSED_FUNCTION = YES;
				GCC_WARN_UNUSED_VARIABLE = YES;
				IPHONEOS_DEPLOYMENT_TARGET = 11.4;
				MTL_ENABLE_DEBUG_INFO = YES;
				ONLY_ACTIVE_ARCH = YES;
				SDKROOT = iphoneos;
				SWIFT_ACTIVE_COMPILATION_CONDITIONS = DEBUG;
				SWIFT_OPTIMIZATION_LEVEL = "-Onone";
			};
			name = Debug;
		};
		3E9F6AED212EFE85005E76DA /* Release */ = {
			isa = XCBuildConfiguration;
			buildSettings = {
				ALWAYS_SEARCH_USER_PATHS = NO;
				CLANG_ANALYZER_LOCALIZABILITY_NONLOCALIZED = YES;
				CLANG_ANALYZER_NONNULL = YES;
				CLANG_ANALYZER_NUMBER_OBJECT_CONVERSION = YES_AGGRESSIVE;
				CLANG_CXX_LANGUAGE_STANDARD = "gnu++14";
				CLANG_CXX_LIBRARY = "libc++";
				CLANG_ENABLE_MODULES = YES;
				CLANG_ENABLE_OBJC_ARC = YES;
				CLANG_ENABLE_OBJC_WEAK = YES;
				CLANG_WARN_BLOCK_CAPTURE_AUTORELEASING = YES;
				CLANG_WARN_BOOL_CONVERSION = YES;
				CLANG_WARN_COMMA = YES;
				CLANG_WARN_CONSTANT_CONVERSION = YES;
				CLANG_WARN_DEPRECATED_OBJC_IMPLEMENTATIONS = YES;
				CLANG_WARN_DIRECT_OBJC_ISA_USAGE = YES_ERROR;
				CLANG_WARN_DOCUMENTATION_COMMENTS = YES;
				CLANG_WARN_EMPTY_BODY = YES;
				CLANG_WARN_ENUM_CONVERSION = YES;
				CLANG_WARN_INFINITE_RECURSION = YES;
				CLANG_WARN_INT_CONVERSION = YES;
				CLANG_WARN_NON_LITERAL_NULL_CONVERSION = YES;
				CLANG_WARN_OBJC_IMPLICIT_RETAIN_SELF = YES;
				CLANG_WARN_OBJC_LITERAL_CONVERSION = YES;
				CLANG_WARN_OBJC_ROOT_CLASS = YES_ERROR;
				CLANG_WARN_RANGE_LOOP_ANALYSIS = YES;
				CLANG_WARN_STRICT_PROTOTYPES = YES;
				CLANG_WARN_SUSPICIOUS_MOVE = YES;
				CLANG_WARN_UNGUARDED_AVAILABILITY = YES_AGGRESSIVE;
				CLANG_WARN_UNREACHABLE_CODE = YES;
				CLANG_WARN__DUPLICATE_METHOD_MATCH = YES;
				CODE_SIGN_IDENTITY = "iPhone Developer";
				COPY_PHASE_STRIP = NO;
				DEBUG_INFORMATION_FORMAT = "dwarf-with-dsym";
				ENABLE_NS_ASSERTIONS = NO;
				ENABLE_STRICT_OBJC_MSGSEND = YES;
				GCC_C_LANGUAGE_STANDARD = gnu11;
				GCC_NO_COMMON_BLOCKS = YES;
				GCC_WARN_64_TO_32_BIT_CONVERSION = YES;
				GCC_WARN_ABOUT_RETURN_TYPE = YES_ERROR;
				GCC_WARN_UNDECLARED_SELECTOR = YES;
				GCC_WARN_UNINITIALIZED_AUTOS = YES_AGGRESSIVE;
				GCC_WARN_UNUSED_FUNCTION = YES;
				GCC_WARN_UNUSED_VARIABLE = YES;
				IPHONEOS_DEPLOYMENT_TARGET = 11.4;
				MTL_ENABLE_DEBUG_INFO = NO;
				SDKROOT = iphoneos;
				SWIFT_COMPILATION_MODE = wholemodule;
				SWIFT_OPTIMIZATION_LEVEL = "-O";
				VALIDATE_PRODUCT = YES;
			};
			name = Release;
		};
		3E9F6AEF212EFE85005E76DA /* Debug */ = {
			isa = XCBuildConfiguration;
			baseConfigurationReference = 614835ACA74051AEE57BE1E6 /* Pods-GitBingo.debug.xcconfig */;
			buildSettings = {
				ASSETCATALOG_COMPILER_APPICON_NAME = AppIcon;
				CODE_SIGN_ENTITLEMENTS = GitBingo/GitBingo.entitlements;
				CODE_SIGN_IDENTITY = "iPhone Developer";
				CODE_SIGN_STYLE = Automatic;
				DEVELOPMENT_TEAM = 452DHHAC9T;
				INFOPLIST_FILE = GitBingo/Info.plist;
				IPHONEOS_DEPLOYMENT_TARGET = 10.0;
				LD_RUNPATH_SEARCH_PATHS = (
					"$(inherited)",
					"@executable_path/Frameworks",
				);
				PRODUCT_BUNDLE_IDENTIFIER = com.dk.GitBingo;
				PRODUCT_NAME = "$(TARGET_NAME)";
				PROVISIONING_PROFILE_SPECIFIER = "";
				SWIFT_VERSION = 4.2;
				TARGETED_DEVICE_FAMILY = 1;
			};
			name = Debug;
		};
		3E9F6AF0212EFE85005E76DA /* Release */ = {
			isa = XCBuildConfiguration;
			baseConfigurationReference = 06B0D3F9794FDFB0E4B689D8 /* Pods-GitBingo.release.xcconfig */;
			buildSettings = {
				ASSETCATALOG_COMPILER_APPICON_NAME = AppIcon;
				CODE_SIGN_ENTITLEMENTS = GitBingo/GitBingo.entitlements;
				CODE_SIGN_IDENTITY = "iPhone Developer";
				CODE_SIGN_STYLE = Automatic;
				DEVELOPMENT_TEAM = 452DHHAC9T;
				INFOPLIST_FILE = GitBingo/Info.plist;
				IPHONEOS_DEPLOYMENT_TARGET = 10.0;
				LD_RUNPATH_SEARCH_PATHS = (
					"$(inherited)",
					"@executable_path/Frameworks",
				);
				PRODUCT_BUNDLE_IDENTIFIER = com.dk.GitBingo;
				PRODUCT_NAME = "$(TARGET_NAME)";
				PROVISIONING_PROFILE_SPECIFIER = "";
				SWIFT_VERSION = 4.2;
				TARGETED_DEVICE_FAMILY = 1;
			};
			name = Release;
		};
		3EE0A3DB219FD4540003962E /* Debug */ = {
			isa = XCBuildConfiguration;
			buildSettings = {
				BUNDLE_LOADER = "$(TEST_HOST)";
				CODE_SIGN_STYLE = Automatic;
				DEVELOPMENT_TEAM = 452DHHAC9T;
				INFOPLIST_FILE = GitBingoTests/Info.plist;
				IPHONEOS_DEPLOYMENT_TARGET = 12.1;
				LD_RUNPATH_SEARCH_PATHS = (
					"$(inherited)",
					"@executable_path/Frameworks",
					"@loader_path/Frameworks",
				);
				MTL_ENABLE_DEBUG_INFO = INCLUDE_SOURCE;
				MTL_FAST_MATH = YES;
				PRODUCT_BUNDLE_IDENTIFIER = com.dk.GitBingoTests;
				PRODUCT_NAME = "$(TARGET_NAME)";
				SWIFT_VERSION = 4.2;
				TARGETED_DEVICE_FAMILY = "1,2";
				TEST_HOST = "$(BUILT_PRODUCTS_DIR)/GitBingo.app/GitBingo";
			};
			name = Debug;
		};
		3EE0A3DC219FD4540003962E /* Release */ = {
			isa = XCBuildConfiguration;
			buildSettings = {
				BUNDLE_LOADER = "$(TEST_HOST)";
				CODE_SIGN_STYLE = Automatic;
				DEVELOPMENT_TEAM = 452DHHAC9T;
				INFOPLIST_FILE = GitBingoTests/Info.plist;
				IPHONEOS_DEPLOYMENT_TARGET = 12.1;
				LD_RUNPATH_SEARCH_PATHS = (
					"$(inherited)",
					"@executable_path/Frameworks",
					"@loader_path/Frameworks",
				);
				MTL_FAST_MATH = YES;
				PRODUCT_BUNDLE_IDENTIFIER = com.dk.GitBingoTests;
				PRODUCT_NAME = "$(TARGET_NAME)";
				SWIFT_VERSION = 4.2;
				TARGETED_DEVICE_FAMILY = "1,2";
				TEST_HOST = "$(BUILT_PRODUCTS_DIR)/GitBingo.app/GitBingo";
			};
			name = Release;
		};
/* End XCBuildConfiguration section */

/* Begin XCConfigurationList section */
		3E9ECCF3215C0BB00089755E /* Build configuration list for PBXNativeTarget "GitBingo Widget" */ = {
			isa = XCConfigurationList;
			buildConfigurations = (
				3E9ECCF1215C0BB00089755E /* Debug */,
				3E9ECCF2215C0BB00089755E /* Release */,
			);
			defaultConfigurationIsVisible = 0;
			defaultConfigurationName = Release;
		};
		3E9F6AD7212EFE84005E76DA /* Build configuration list for PBXProject "GitBingo" */ = {
			isa = XCConfigurationList;
			buildConfigurations = (
				3E9F6AEC212EFE85005E76DA /* Debug */,
				3E9F6AED212EFE85005E76DA /* Release */,
			);
			defaultConfigurationIsVisible = 0;
			defaultConfigurationName = Release;
		};
		3E9F6AEE212EFE85005E76DA /* Build configuration list for PBXNativeTarget "GitBingo" */ = {
			isa = XCConfigurationList;
			buildConfigurations = (
				3E9F6AEF212EFE85005E76DA /* Debug */,
				3E9F6AF0212EFE85005E76DA /* Release */,
			);
			defaultConfigurationIsVisible = 0;
			defaultConfigurationName = Release;
		};
		3EE0A3DA219FD4540003962E /* Build configuration list for PBXNativeTarget "GitBingoTests" */ = {
			isa = XCConfigurationList;
			buildConfigurations = (
				3EE0A3DB219FD4540003962E /* Debug */,
				3EE0A3DC219FD4540003962E /* Release */,
			);
			defaultConfigurationIsVisible = 0;
			defaultConfigurationName = Release;
		};
/* End XCConfigurationList section */
	};
	rootObject = 3E9F6AD4212EFE84005E76DA /* Project object */;
}
