// !$*UTF8*$!
{
	archiveVersion = 1;
	classes = {
	};
	objectVersion = 50;
	objects = {

/* Begin PBXBuildFile section */
		3E007BCE213BD0780007DD5C /* RegisterAlertViewController.swift in Sources */ = {isa = PBXBuildFile; fileRef = 3E007BCD213BD0780007DD5C /* RegisterAlertViewController.swift */; };
		3E007BD0213BD4740007DD5C /* CustomFontString.swift in Sources */ = {isa = PBXBuildFile; fileRef = 3E007BCF213BD4740007DD5C /* CustomFontString.swift */; };
		3E41C2FC213A319100371B4F /* GitBingoError.swift in Sources */ = {isa = PBXBuildFile; fileRef = 3E41C2FB213A319100371B4F /* GitBingoError.swift */; };
		3E98A3D821396725002983D8 /* MainViewPresenter.swift in Sources */ = {isa = PBXBuildFile; fileRef = 3E98A3D721396725002983D8 /* MainViewPresenter.swift */; };
		3E9D2ADE213D1AFD0009DAD8 /* CustomAlert.swift in Sources */ = {isa = PBXBuildFile; fileRef = 3E9D2ADD213D1AFD0009DAD8 /* CustomAlert.swift */; };
		3E9D2AE0213D1B8F0009DAD8 /* KeyIdentifier.swift in Sources */ = {isa = PBXBuildFile; fileRef = 3E9D2ADF213D1B8F0009DAD8 /* KeyIdentifier.swift */; };
		3E9D2AE2213D1D100009DAD8 /* RegisterViewPresenter.swift in Sources */ = {isa = PBXBuildFile; fileRef = 3E9D2AE1213D1D100009DAD8 /* RegisterViewPresenter.swift */; };
		3E9F6AE0212EFE84005E76DA /* AppDelegate.swift in Sources */ = {isa = PBXBuildFile; fileRef = 3E9F6ADF212EFE84005E76DA /* AppDelegate.swift */; };
		3E9F6AE2212EFE84005E76DA /* ViewController.swift in Sources */ = {isa = PBXBuildFile; fileRef = 3E9F6AE1212EFE84005E76DA /* ViewController.swift */; };
		3E9F6AE5212EFE84005E76DA /* Main.storyboard in Resources */ = {isa = PBXBuildFile; fileRef = 3E9F6AE3212EFE84005E76DA /* Main.storyboard */; };
		3E9F6AE7212EFE85005E76DA /* Assets.xcassets in Resources */ = {isa = PBXBuildFile; fileRef = 3E9F6AE6212EFE85005E76DA /* Assets.xcassets */; };
		3E9F6AEA212EFE85005E76DA /* LaunchScreen.storyboard in Resources */ = {isa = PBXBuildFile; fileRef = 3E9F6AE8212EFE85005E76DA /* LaunchScreen.storyboard */; };
		3EAD214521401E4D00049859 /* Localizable.strings in Resources */ = {isa = PBXBuildFile; fileRef = 3EAD214721401E4D00049859 /* Localizable.strings */; };
		3EAD214C21401EE000049859 /* LocalizedString.swift in Sources */ = {isa = PBXBuildFile; fileRef = 3EAD214B21401EE000049859 /* LocalizedString.swift */; };
		3EBC858A212EFF4C002540A8 /* APIService.swift in Sources */ = {isa = PBXBuildFile; fileRef = 3EBC8589212EFF4C002540A8 /* APIService.swift */; };
		3EBC858D212F0912002540A8 /* UIColorExtensions.swift in Sources */ = {isa = PBXBuildFile; fileRef = 3EBC858C212F0912002540A8 /* UIColorExtensions.swift */; };
		3EBC8590212F094D002540A8 /* Dot.swift in Sources */ = {isa = PBXBuildFile; fileRef = 3EBC858F212F094D002540A8 /* Dot.swift */; };
		3EBC8592212F09D1002540A8 /* ContributionGrade.swift in Sources */ = {isa = PBXBuildFile; fileRef = 3EBC8591212F09D1002540A8 /* ContributionGrade.swift */; };
		3EBC8594212F0CC3002540A8 /* Contributions.swift in Sources */ = {isa = PBXBuildFile; fileRef = 3EBC8593212F0CC3002540A8 /* Contributions.swift */; };
		3EFBF117213AA222002B3142 /* RefreshMode.swift in Sources */ = {isa = PBXBuildFile; fileRef = 3EFBF116213AA222002B3142 /* RefreshMode.swift */; };
		3EFBF11B213AE2BE002B3142 /* SectionHeaderView.swift in Sources */ = {isa = PBXBuildFile; fileRef = 3EFBF11A213AE2BE002B3142 /* SectionHeaderView.swift */; };
		3EFBF11D213AE2CE002B3142 /* SectionFooterView.swift in Sources */ = {isa = PBXBuildFile; fileRef = 3EFBF11C213AE2CE002B3142 /* SectionFooterView.swift */; };
		3EFBF11F213AE60F002B3142 /* ReusableIdentifier.swift in Sources */ = {isa = PBXBuildFile; fileRef = 3EFBF11E213AE60F002B3142 /* ReusableIdentifier.swift */; };
		D0A00E275CBBA4D03F87A6AC /* Pods_GitBingo.framework in Frameworks */ = {isa = PBXBuildFile; fileRef = 66E8CC45C06872C44992DEE5 /* Pods_GitBingo.framework */; };
/* End PBXBuildFile section */

/* Begin PBXFileReference section */
		06B0D3F9794FDFB0E4B689D8 /* Pods-GitBingo.release.xcconfig */ = {isa = PBXFileReference; includeInIndex = 1; lastKnownFileType = text.xcconfig; name = "Pods-GitBingo.release.xcconfig"; path = "Pods/Target Support Files/Pods-GitBingo/Pods-GitBingo.release.xcconfig"; sourceTree = "<group>"; };
		3E007BCD213BD0780007DD5C /* RegisterAlertViewController.swift */ = {isa = PBXFileReference; lastKnownFileType = sourcecode.swift; path = RegisterAlertViewController.swift; sourceTree = "<group>"; };
		3E007BCF213BD4740007DD5C /* CustomFontString.swift */ = {isa = PBXFileReference; lastKnownFileType = sourcecode.swift; path = CustomFontString.swift; sourceTree = "<group>"; };
		3E0E50F82140C34800CDC145 /* en */ = {isa = PBXFileReference; lastKnownFileType = text.plist.strings; name = en; path = en.lproj/Main.strings; sourceTree = "<group>"; };
		3E41C2FB213A319100371B4F /* GitBingoError.swift */ = {isa = PBXFileReference; lastKnownFileType = sourcecode.swift; path = GitBingoError.swift; sourceTree = "<group>"; };
		3E98A3D721396725002983D8 /* MainViewPresenter.swift */ = {isa = PBXFileReference; lastKnownFileType = sourcecode.swift; path = MainViewPresenter.swift; sourceTree = "<group>"; };
		3E9D2ADD213D1AFD0009DAD8 /* CustomAlert.swift */ = {isa = PBXFileReference; lastKnownFileType = sourcecode.swift; path = CustomAlert.swift; sourceTree = "<group>"; };
		3E9D2ADF213D1B8F0009DAD8 /* KeyIdentifier.swift */ = {isa = PBXFileReference; lastKnownFileType = sourcecode.swift; path = KeyIdentifier.swift; sourceTree = "<group>"; };
		3E9D2AE1213D1D100009DAD8 /* RegisterViewPresenter.swift */ = {isa = PBXFileReference; lastKnownFileType = sourcecode.swift; path = RegisterViewPresenter.swift; sourceTree = "<group>"; };
		3E9F6ADC212EFE84005E76DA /* GitBingo.app */ = {isa = PBXFileReference; explicitFileType = wrapper.application; includeInIndex = 0; path = GitBingo.app; sourceTree = BUILT_PRODUCTS_DIR; };
		3E9F6ADF212EFE84005E76DA /* AppDelegate.swift */ = {isa = PBXFileReference; lastKnownFileType = sourcecode.swift; path = AppDelegate.swift; sourceTree = "<group>"; };
		3E9F6AE1212EFE84005E76DA /* ViewController.swift */ = {isa = PBXFileReference; lastKnownFileType = sourcecode.swift; path = ViewController.swift; sourceTree = "<group>"; };
		3E9F6AE4212EFE84005E76DA /* Base */ = {isa = PBXFileReference; lastKnownFileType = file.storyboard; name = Base; path = Base.lproj/Main.storyboard; sourceTree = "<group>"; };
		3E9F6AE6212EFE85005E76DA /* Assets.xcassets */ = {isa = PBXFileReference; lastKnownFileType = folder.assetcatalog; path = Assets.xcassets; sourceTree = "<group>"; };
		3E9F6AE9212EFE85005E76DA /* Base */ = {isa = PBXFileReference; lastKnownFileType = file.storyboard; name = Base; path = Base.lproj/LaunchScreen.storyboard; sourceTree = "<group>"; };
		3E9F6AEB212EFE85005E76DA /* Info.plist */ = {isa = PBXFileReference; lastKnownFileType = text.plist.xml; path = Info.plist; sourceTree = "<group>"; };
		3EAD214621401E4D00049859 /* en */ = {isa = PBXFileReference; lastKnownFileType = text.plist.strings; name = en; path = en.lproj/Localizable.strings; sourceTree = "<group>"; };
		3EAD214821401E8900049859 /* ko */ = {isa = PBXFileReference; lastKnownFileType = text.plist.strings; name = ko; path = ko.lproj/Main.strings; sourceTree = "<group>"; };
		3EAD214921401E8900049859 /* ko */ = {isa = PBXFileReference; lastKnownFileType = text.plist.strings; name = ko; path = ko.lproj/LaunchScreen.strings; sourceTree = "<group>"; };
		3EAD214A21401E8900049859 /* ko */ = {isa = PBXFileReference; lastKnownFileType = text.plist.strings; name = ko; path = ko.lproj/Localizable.strings; sourceTree = "<group>"; };
		3EAD214B21401EE000049859 /* LocalizedString.swift */ = {isa = PBXFileReference; lastKnownFileType = sourcecode.swift; path = LocalizedString.swift; sourceTree = "<group>"; };
		3EBC8589212EFF4C002540A8 /* APIService.swift */ = {isa = PBXFileReference; lastKnownFileType = sourcecode.swift; path = APIService.swift; sourceTree = "<group>"; };
		3EBC858C212F0912002540A8 /* UIColorExtensions.swift */ = {isa = PBXFileReference; lastKnownFileType = sourcecode.swift; path = UIColorExtensions.swift; sourceTree = "<group>"; };
		3EBC858F212F094D002540A8 /* Dot.swift */ = {isa = PBXFileReference; lastKnownFileType = sourcecode.swift; path = Dot.swift; sourceTree = "<group>"; };
		3EBC8591212F09D1002540A8 /* ContributionGrade.swift */ = {isa = PBXFileReference; lastKnownFileType = sourcecode.swift; path = ContributionGrade.swift; sourceTree = "<group>"; };
		3EBC8593212F0CC3002540A8 /* Contributions.swift */ = {isa = PBXFileReference; lastKnownFileType = sourcecode.swift; path = Contributions.swift; sourceTree = "<group>"; };
		3EFBF116213AA222002B3142 /* RefreshMode.swift */ = {isa = PBXFileReference; lastKnownFileType = sourcecode.swift; path = RefreshMode.swift; sourceTree = "<group>"; };
		3EFBF11A213AE2BE002B3142 /* SectionHeaderView.swift */ = {isa = PBXFileReference; lastKnownFileType = sourcecode.swift; path = SectionHeaderView.swift; sourceTree = "<group>"; };
		3EFBF11C213AE2CE002B3142 /* SectionFooterView.swift */ = {isa = PBXFileReference; lastKnownFileType = sourcecode.swift; path = SectionFooterView.swift; sourceTree = "<group>"; };
		3EFBF11E213AE60F002B3142 /* ReusableIdentifier.swift */ = {isa = PBXFileReference; lastKnownFileType = sourcecode.swift; path = ReusableIdentifier.swift; sourceTree = "<group>"; };
		614835ACA74051AEE57BE1E6 /* Pods-GitBingo.debug.xcconfig */ = {isa = PBXFileReference; includeInIndex = 1; lastKnownFileType = text.xcconfig; name = "Pods-GitBingo.debug.xcconfig"; path = "Pods/Target Support Files/Pods-GitBingo/Pods-GitBingo.debug.xcconfig"; sourceTree = "<group>"; };
		66E8CC45C06872C44992DEE5 /* Pods_GitBingo.framework */ = {isa = PBXFileReference; explicitFileType = wrapper.framework; includeInIndex = 0; path = Pods_GitBingo.framework; sourceTree = BUILT_PRODUCTS_DIR; };
/* End PBXFileReference section */

/* Begin PBXFrameworksBuildPhase section */
		3E9F6AD9212EFE84005E76DA /* Frameworks */ = {
			isa = PBXFrameworksBuildPhase;
			buildActionMask = 2147483647;
			files = (
				D0A00E275CBBA4D03F87A6AC /* Pods_GitBingo.framework in Frameworks */,
			);
			runOnlyForDeploymentPostprocessing = 0;
		};
/* End PBXFrameworksBuildPhase section */

/* Begin PBXGroup section */
		3E007BCC213BD0560007DD5C /* ViewControllers */ = {
			isa = PBXGroup;
			children = (
				3E9F6AE1212EFE84005E76DA /* ViewController.swift */,
				3E007BCD213BD0780007DD5C /* RegisterAlertViewController.swift */,
			);
			path = ViewControllers;
			sourceTree = "<group>";
		};
		3E41C2FA213A318300371B4F /* Helper */ = {
			isa = PBXGroup;
			children = (
				3E41C2FB213A319100371B4F /* GitBingoError.swift */,
				3EFBF116213AA222002B3142 /* RefreshMode.swift */,
				3E9D2ADF213D1B8F0009DAD8 /* KeyIdentifier.swift */,
			);
			path = Helper;
			sourceTree = "<group>";
		};
		3E98A3D621396716002983D8 /* Presenters */ = {
			isa = PBXGroup;
			children = (
				3E98A3D721396725002983D8 /* MainViewPresenter.swift */,
				3E9D2AE1213D1D100009DAD8 /* RegisterViewPresenter.swift */,
			);
			path = Presenters;
			sourceTree = "<group>";
		};
		3E9F6AD3212EFE84005E76DA = {
			isa = PBXGroup;
			children = (
				3E9F6ADE212EFE84005E76DA /* GitBingo */,
				3E9F6ADD212EFE84005E76DA /* Products */,
				575079EBB40B2821944E3002 /* Pods */,
				8E0845C7CB97F204213F45CD /* Frameworks */,
			);
			sourceTree = "<group>";
		};
		3E9F6ADD212EFE84005E76DA /* Products */ = {
			isa = PBXGroup;
			children = (
				3E9F6ADC212EFE84005E76DA /* GitBingo.app */,
			);
			name = Products;
			sourceTree = "<group>";
		};
		3E9F6ADE212EFE84005E76DA /* GitBingo */ = {
			isa = PBXGroup;
			children = (
				3EAD214221401E2900049859 /* Localizing */,
				3E007BCC213BD0560007DD5C /* ViewControllers */,
				3EFBF118213AE2A1002B3142 /* View */,
				3E41C2FA213A318300371B4F /* Helper */,
				3E98A3D621396716002983D8 /* Presenters */,
				3EBC858E212F093A002540A8 /* Model */,
				3EBC858B212F08FE002540A8 /* Extensions */,
				3EBC8588212EFF3F002540A8 /* APIService */,
				3E9F6ADF212EFE84005E76DA /* AppDelegate.swift */,
				3E9F6AE3212EFE84005E76DA /* Main.storyboard */,
				3E9F6AE6212EFE85005E76DA /* Assets.xcassets */,
				3E9F6AE8212EFE85005E76DA /* LaunchScreen.storyboard */,
				3E9F6AEB212EFE85005E76DA /* Info.plist */,
			);
			path = GitBingo;
			sourceTree = "<group>";
		};
		3EAD214221401E2900049859 /* Localizing */ = {
			isa = PBXGroup;
			children = (
				3EAD214721401E4D00049859 /* Localizable.strings */,
			);
			path = Localizing;
			sourceTree = "<group>";
		};
		3EBC8588212EFF3F002540A8 /* APIService */ = {
			isa = PBXGroup;
			children = (
				3EBC8589212EFF4C002540A8 /* APIService.swift */,
			);
			path = APIService;
			sourceTree = "<group>";
		};
		3EBC858B212F08FE002540A8 /* Extensions */ = {
			isa = PBXGroup;
			children = (
				3EBC858C212F0912002540A8 /* UIColorExtensions.swift */,
				3EFBF11E213AE60F002B3142 /* ReusableIdentifier.swift */,
				3E007BCF213BD4740007DD5C /* CustomFontString.swift */,
				3E9D2ADD213D1AFD0009DAD8 /* CustomAlert.swift */,
				3EAD214B21401EE000049859 /* LocalizedString.swift */,
			);
			path = Extensions;
			sourceTree = "<group>";
		};
		3EBC858E212F093A002540A8 /* Model */ = {
			isa = PBXGroup;
			children = (
				3EBC858F212F094D002540A8 /* Dot.swift */,
				3EBC8591212F09D1002540A8 /* ContributionGrade.swift */,
				3EBC8593212F0CC3002540A8 /* Contributions.swift */,
			);
			path = Model;
			sourceTree = "<group>";
		};
		3EFBF118213AE2A1002B3142 /* View */ = {
			isa = PBXGroup;
			children = (
				3EFBF11A213AE2BE002B3142 /* SectionHeaderView.swift */,
				3EFBF11C213AE2CE002B3142 /* SectionFooterView.swift */,
			);
			path = View;
			sourceTree = "<group>";
		};
		575079EBB40B2821944E3002 /* Pods */ = {
			isa = PBXGroup;
			children = (
				614835ACA74051AEE57BE1E6 /* Pods-GitBingo.debug.xcconfig */,
				06B0D3F9794FDFB0E4B689D8 /* Pods-GitBingo.release.xcconfig */,
			);
			name = Pods;
			sourceTree = "<group>";
		};
		8E0845C7CB97F204213F45CD /* Frameworks */ = {
			isa = PBXGroup;
			children = (
				66E8CC45C06872C44992DEE5 /* Pods_GitBingo.framework */,
			);
			name = Frameworks;
			sourceTree = "<group>";
		};
/* End PBXGroup section */

/* Begin PBXNativeTarget section */
		3E9F6ADB212EFE84005E76DA /* GitBingo */ = {
			isa = PBXNativeTarget;
			buildConfigurationList = 3E9F6AEE212EFE85005E76DA /* Build configuration list for PBXNativeTarget "GitBingo" */;
			buildPhases = (
				5ED799F23571E94D6E8E29E6 /* [CP] Check Pods Manifest.lock */,
				3E9F6AD8212EFE84005E76DA /* Sources */,
				3E9F6AD9212EFE84005E76DA /* Frameworks */,
				3E9F6ADA212EFE84005E76DA /* Resources */,
				C3F69FC11C669E4DE3C10D07 /* [CP] Embed Pods Frameworks */,
			);
			buildRules = (
			);
			dependencies = (
			);
			name = GitBingo;
			productName = Gitergy;
			productReference = 3E9F6ADC212EFE84005E76DA /* GitBingo.app */;
			productType = "com.apple.product-type.application";
		};
/* End PBXNativeTarget section */

/* Begin PBXProject section */
		3E9F6AD4212EFE84005E76DA /* Project object */ = {
			isa = PBXProject;
			attributes = {
				LastSwiftUpdateCheck = 0940;
				LastUpgradeCheck = 0940;
				ORGANIZATIONNAME = "이동건";
				TargetAttributes = {
					3E9F6ADB212EFE84005E76DA = {
						CreatedOnToolsVersion = 9.4.1;
					};
				};
			};
			buildConfigurationList = 3E9F6AD7212EFE84005E76DA /* Build configuration list for PBXProject "GitBingo" */;
			compatibilityVersion = "Xcode 9.3";
			developmentRegion = en;
			hasScannedForEncodings = 0;
			knownRegions = (
				en,
				Base,
				ko,
			);
			mainGroup = 3E9F6AD3212EFE84005E76DA;
			productRefGroup = 3E9F6ADD212EFE84005E76DA /* Products */;
			projectDirPath = "";
			projectRoot = "";
			targets = (
				3E9F6ADB212EFE84005E76DA /* GitBingo */,
			);
		};
/* End PBXProject section */

/* Begin PBXResourcesBuildPhase section */
		3E9F6ADA212EFE84005E76DA /* Resources */ = {
			isa = PBXResourcesBuildPhase;
			buildActionMask = 2147483647;
			files = (
				3E9F6AEA212EFE85005E76DA /* LaunchScreen.storyboard in Resources */,
				3EAD214521401E4D00049859 /* Localizable.strings in Resources */,
				3E9F6AE7212EFE85005E76DA /* Assets.xcassets in Resources */,
				3E9F6AE5212EFE84005E76DA /* Main.storyboard in Resources */,
			);
			runOnlyForDeploymentPostprocessing = 0;
		};
/* End PBXResourcesBuildPhase section */

/* Begin PBXShellScriptBuildPhase section */
		5ED799F23571E94D6E8E29E6 /* [CP] Check Pods Manifest.lock */ = {
			isa = PBXShellScriptBuildPhase;
			buildActionMask = 2147483647;
			files = (
			);
			inputPaths = (
				"${PODS_PODFILE_DIR_PATH}/Podfile.lock",
				"${PODS_ROOT}/Manifest.lock",
			);
			name = "[CP] Check Pods Manifest.lock";
			outputPaths = (
				"$(DERIVED_FILE_DIR)/Pods-GitBingo-checkManifestLockResult.txt",
			);
			runOnlyForDeploymentPostprocessing = 0;
			shellPath = /bin/sh;
			shellScript = "diff \"${PODS_PODFILE_DIR_PATH}/Podfile.lock\" \"${PODS_ROOT}/Manifest.lock\" > /dev/null\nif [ $? != 0 ] ; then\n    # print error to STDERR\n    echo \"error: The sandbox is not in sync with the Podfile.lock. Run 'pod install' or update your CocoaPods installation.\" >&2\n    exit 1\nfi\n# This output is used by Xcode 'outputs' to avoid re-running this script phase.\necho \"SUCCESS\" > \"${SCRIPT_OUTPUT_FILE_0}\"\n";
			showEnvVarsInLog = 0;
		};
		C3F69FC11C669E4DE3C10D07 /* [CP] Embed Pods Frameworks */ = {
			isa = PBXShellScriptBuildPhase;
			buildActionMask = 2147483647;
			files = (
			);
			inputPaths = (
				"${SRCROOT}/Pods/Target Support Files/Pods-GitBingo/Pods-GitBingo-frameworks.sh",
				"${BUILT_PRODUCTS_DIR}/Kanna/Kanna.framework",
				"${BUILT_PRODUCTS_DIR}/SVProgressHUD/SVProgressHUD.framework",
			);
			name = "[CP] Embed Pods Frameworks";
			outputPaths = (
				"${TARGET_BUILD_DIR}/${FRAMEWORKS_FOLDER_PATH}/Kanna.framework",
				"${TARGET_BUILD_DIR}/${FRAMEWORKS_FOLDER_PATH}/SVProgressHUD.framework",
			);
			runOnlyForDeploymentPostprocessing = 0;
			shellPath = /bin/sh;
			shellScript = "\"${SRCROOT}/Pods/Target Support Files/Pods-GitBingo/Pods-GitBingo-frameworks.sh\"\n";
			showEnvVarsInLog = 0;
		};
/* End PBXShellScriptBuildPhase section */

/* Begin PBXSourcesBuildPhase section */
		3E9F6AD8212EFE84005E76DA /* Sources */ = {
			isa = PBXSourcesBuildPhase;
			buildActionMask = 2147483647;
			files = (
				3EAD214C21401EE000049859 /* LocalizedString.swift in Sources */,
				3EFBF11B213AE2BE002B3142 /* SectionHeaderView.swift in Sources */,
				3E9F6AE2212EFE84005E76DA /* ViewController.swift in Sources */,
				3EBC8594212F0CC3002540A8 /* Contributions.swift in Sources */,
				3E98A3D821396725002983D8 /* MainViewPresenter.swift in Sources */,
				3E007BD0213BD4740007DD5C /* CustomFontString.swift in Sources */,
				3EBC858A212EFF4C002540A8 /* APIService.swift in Sources */,
				3EFBF11D213AE2CE002B3142 /* SectionFooterView.swift in Sources */,
				3E9D2AE0213D1B8F0009DAD8 /* KeyIdentifier.swift in Sources */,
				3E9D2AE2213D1D100009DAD8 /* RegisterViewPresenter.swift in Sources */,
				3EFBF11F213AE60F002B3142 /* ReusableIdentifier.swift in Sources */,
				3EFBF117213AA222002B3142 /* RefreshMode.swift in Sources */,
				3E41C2FC213A319100371B4F /* GitBingoError.swift in Sources */,
				3E9F6AE0212EFE84005E76DA /* AppDelegate.swift in Sources */,
				3E007BCE213BD0780007DD5C /* RegisterAlertViewController.swift in Sources */,
				3EBC8592212F09D1002540A8 /* ContributionGrade.swift in Sources */,
				3EBC8590212F094D002540A8 /* Dot.swift in Sources */,
				3EBC858D212F0912002540A8 /* UIColorExtensions.swift in Sources */,
				3E9D2ADE213D1AFD0009DAD8 /* CustomAlert.swift in Sources */,
			);
			runOnlyForDeploymentPostprocessing = 0;
		};
/* End PBXSourcesBuildPhase section */

/* Begin PBXVariantGroup section */
		3E9F6AE3212EFE84005E76DA /* Main.storyboard */ = {
			isa = PBXVariantGroup;
			children = (
				3E9F6AE4212EFE84005E76DA /* Base */,
				3EAD214821401E8900049859 /* ko */,
				3E0E50F82140C34800CDC145 /* en */,
			);
			name = Main.storyboard;
			sourceTree = "<group>";
		};
		3E9F6AE8212EFE85005E76DA /* LaunchScreen.storyboard */ = {
			isa = PBXVariantGroup;
			children = (
				3E9F6AE9212EFE85005E76DA /* Base */,
				3EAD214921401E8900049859 /* ko */,
			);
			name = LaunchScreen.storyboard;
			sourceTree = "<group>";
		};
		3EAD214721401E4D00049859 /* Localizable.strings */ = {
			isa = PBXVariantGroup;
			children = (
				3EAD214621401E4D00049859 /* en */,
				3EAD214A21401E8900049859 /* ko */,
			);
			name = Localizable.strings;
			sourceTree = "<group>";
		};
/* End PBXVariantGroup section */

/* Begin XCBuildConfiguration section */
		3E9F6AEC212EFE85005E76DA /* Debug */ = {
			isa = XCBuildConfiguration;
			buildSettings = {
				ALWAYS_SEARCH_USER_PATHS = NO;
				CLANG_ANALYZER_LOCALIZABILITY_NONLOCALIZED = YES;
				CLANG_ANALYZER_NONNULL = YES;
				CLANG_ANALYZER_NUMBER_OBJECT_CONVERSION = YES_AGGRESSIVE;
				CLANG_CXX_LANGUAGE_STANDARD = "gnu++14";
				CLANG_CXX_LIBRARY = "libc++";
				CLANG_ENABLE_MODULES = YES;
				CLANG_ENABLE_OBJC_ARC = YES;
				CLANG_ENABLE_OBJC_WEAK = YES;
				CLANG_WARN_BLOCK_CAPTURE_AUTORELEASING = YES;
				CLANG_WARN_BOOL_CONVERSION = YES;
				CLANG_WARN_COMMA = YES;
				CLANG_WARN_CONSTANT_CONVERSION = YES;
				CLANG_WARN_DEPRECATED_OBJC_IMPLEMENTATIONS = YES;
				CLANG_WARN_DIRECT_OBJC_ISA_USAGE = YES_ERROR;
				CLANG_WARN_DOCUMENTATION_COMMENTS = YES;
				CLANG_WARN_EMPTY_BODY = YES;
				CLANG_WARN_ENUM_CONVERSION = YES;
				CLANG_WARN_INFINITE_RECURSION = YES;
				CLANG_WARN_INT_CONVERSION = YES;
				CLANG_WARN_NON_LITERAL_NULL_CONVERSION = YES;
				CLANG_WARN_OBJC_IMPLICIT_RETAIN_SELF = YES;
				CLANG_WARN_OBJC_LITERAL_CONVERSION = YES;
				CLANG_WARN_OBJC_ROOT_CLASS = YES_ERROR;
				CLANG_WARN_RANGE_LOOP_ANALYSIS = YES;
				CLANG_WARN_STRICT_PROTOTYPES = YES;
				CLANG_WARN_SUSPICIOUS_MOVE = YES;
				CLANG_WARN_UNGUARDED_AVAILABILITY = YES_AGGRESSIVE;
				CLANG_WARN_UNREACHABLE_CODE = YES;
				CLANG_WARN__DUPLICATE_METHOD_MATCH = YES;
				CODE_SIGN_IDENTITY = "iPhone Developer";
				COPY_PHASE_STRIP = NO;
				DEBUG_INFORMATION_FORMAT = dwarf;
				ENABLE_STRICT_OBJC_MSGSEND = YES;
				ENABLE_TESTABILITY = YES;
				GCC_C_LANGUAGE_STANDARD = gnu11;
				GCC_DYNAMIC_NO_PIC = NO;
				GCC_NO_COMMON_BLOCKS = YES;
				GCC_OPTIMIZATION_LEVEL = 0;
				GCC_PREPROCESSOR_DEFINITIONS = (
					"DEBUG=1",
					"$(inherited)",
				);
				GCC_WARN_64_TO_32_BIT_CONVERSION = YES;
				GCC_WARN_ABOUT_RETURN_TYPE = YES_ERROR;
				GCC_WARN_UNDECLARED_SELECTOR = YES;
				GCC_WARN_UNINITIALIZED_AUTOS = YES_AGGRESSIVE;
				GCC_WARN_UNUSED_FUNCTION = YES;
				GCC_WARN_UNUSED_VARIABLE = YES;
				IPHONEOS_DEPLOYMENT_TARGET = 11.4;
				MTL_ENABLE_DEBUG_INFO = YES;
				ONLY_ACTIVE_ARCH = YES;
				SDKROOT = iphoneos;
				SWIFT_ACTIVE_COMPILATION_CONDITIONS = DEBUG;
				SWIFT_OPTIMIZATION_LEVEL = "-Onone";
			};
			name = Debug;
		};
		3E9F6AED212EFE85005E76DA /* Release */ = {
			isa = XCBuildConfiguration;
			buildSettings = {
				ALWAYS_SEARCH_USER_PATHS = NO;
				CLANG_ANALYZER_LOCALIZABILITY_NONLOCALIZED = YES;
				CLANG_ANALYZER_NONNULL = YES;
				CLANG_ANALYZER_NUMBER_OBJECT_CONVERSION = YES_AGGRESSIVE;
				CLANG_CXX_LANGUAGE_STANDARD = "gnu++14";
				CLANG_CXX_LIBRARY = "libc++";
				CLANG_ENABLE_MODULES = YES;
				CLANG_ENABLE_OBJC_ARC = YES;
				CLANG_ENABLE_OBJC_WEAK = YES;
				CLANG_WARN_BLOCK_CAPTURE_AUTORELEASING = YES;
				CLANG_WARN_BOOL_CONVERSION = YES;
				CLANG_WARN_COMMA = YES;
				CLANG_WARN_CONSTANT_CONVERSION = YES;
				CLANG_WARN_DEPRECATED_OBJC_IMPLEMENTATIONS = YES;
				CLANG_WARN_DIRECT_OBJC_ISA_USAGE = YES_ERROR;
				CLANG_WARN_DOCUMENTATION_COMMENTS = YES;
				CLANG_WARN_EMPTY_BODY = YES;
				CLANG_WARN_ENUM_CONVERSION = YES;
				CLANG_WARN_INFINITE_RECURSION = YES;
				CLANG_WARN_INT_CONVERSION = YES;
				CLANG_WARN_NON_LITERAL_NULL_CONVERSION = YES;
				CLANG_WARN_OBJC_IMPLICIT_RETAIN_SELF = YES;
				CLANG_WARN_OBJC_LITERAL_CONVERSION = YES;
				CLANG_WARN_OBJC_ROOT_CLASS = YES_ERROR;
				CLANG_WARN_RANGE_LOOP_ANALYSIS = YES;
				CLANG_WARN_STRICT_PROTOTYPES = YES;
				CLANG_WARN_SUSPICIOUS_MOVE = YES;
				CLANG_WARN_UNGUARDED_AVAILABILITY = YES_AGGRESSIVE;
				CLANG_WARN_UNREACHABLE_CODE = YES;
				CLANG_WARN__DUPLICATE_METHOD_MATCH = YES;
				CODE_SIGN_IDENTITY = "iPhone Developer";
				COPY_PHASE_STRIP = NO;
				DEBUG_INFORMATION_FORMAT = "dwarf-with-dsym";
				ENABLE_NS_ASSERTIONS = NO;
				ENABLE_STRICT_OBJC_MSGSEND = YES;
				GCC_C_LANGUAGE_STANDARD = gnu11;
				GCC_NO_COMMON_BLOCKS = YES;
				GCC_WARN_64_TO_32_BIT_CONVERSION = YES;
				GCC_WARN_ABOUT_RETURN_TYPE = YES_ERROR;
				GCC_WARN_UNDECLARED_SELECTOR = YES;
				GCC_WARN_UNINITIALIZED_AUTOS = YES_AGGRESSIVE;
				GCC_WARN_UNUSED_FUNCTION = YES;
				GCC_WARN_UNUSED_VARIABLE = YES;
				IPHONEOS_DEPLOYMENT_TARGET = 11.4;
				MTL_ENABLE_DEBUG_INFO = NO;
				SDKROOT = iphoneos;
				SWIFT_COMPILATION_MODE = wholemodule;
				SWIFT_OPTIMIZATION_LEVEL = "-O";
				VALIDATE_PRODUCT = YES;
			};
			name = Release;
		};
		3E9F6AEF212EFE85005E76DA /* Debug */ = {
			isa = XCBuildConfiguration;
			baseConfigurationReference = 614835ACA74051AEE57BE1E6 /* Pods-GitBingo.debug.xcconfig */;
			buildSettings = {
				ASSETCATALOG_COMPILER_APPICON_NAME = AppIcon;
				CODE_SIGN_STYLE = Automatic;
				DEVELOPMENT_TEAM = 452DHHAC9T;
				INFOPLIST_FILE = GitBingo/Info.plist;
				IPHONEOS_DEPLOYMENT_TARGET = 10.0;
				LD_RUNPATH_SEARCH_PATHS = "$(inherited) @executable_path/Frameworks";
				PRODUCT_BUNDLE_IDENTIFIER = com.dk.GitBingo;
				PRODUCT_NAME = "$(TARGET_NAME)";
				SWIFT_VERSION = 4.0;
				TARGETED_DEVICE_FAMILY = 1;
			};
			name = Debug;
		};
		3E9F6AF0212EFE85005E76DA /* Release */ = {
			isa = XCBuildConfiguration;
			baseConfigurationReference = 06B0D3F9794FDFB0E4B689D8 /* Pods-GitBingo.release.xcconfig */;
			buildSettings = {
				ASSETCATALOG_COMPILER_APPICON_NAME = AppIcon;
				CODE_SIGN_STYLE = Automatic;
				DEVELOPMENT_TEAM = 452DHHAC9T;
				INFOPLIST_FILE = GitBingo/Info.plist;
				IPHONEOS_DEPLOYMENT_TARGET = 10.0;
				LD_RUNPATH_SEARCH_PATHS = "$(inherited) @executable_path/Frameworks";
				PRODUCT_BUNDLE_IDENTIFIER = com.dk.GitBingo;
				PRODUCT_NAME = "$(TARGET_NAME)";
				SWIFT_VERSION = 4.0;
				TARGETED_DEVICE_FAMILY = 1;
			};
			name = Release;
		};
/* End XCBuildConfiguration section */

/* Begin XCConfigurationList section */
		3E9F6AD7212EFE84005E76DA /* Build configuration list for PBXProject "GitBingo" */ = {
			isa = XCConfigurationList;
			buildConfigurations = (
				3E9F6AEC212EFE85005E76DA /* Debug */,
				3E9F6AED212EFE85005E76DA /* Release */,
			);
			defaultConfigurationIsVisible = 0;
			defaultConfigurationName = Release;
		};
		3E9F6AEE212EFE85005E76DA /* Build configuration list for PBXNativeTarget "GitBingo" */ = {
			isa = XCConfigurationList;
			buildConfigurations = (
				3E9F6AEF212EFE85005E76DA /* Debug */,
				3E9F6AF0212EFE85005E76DA /* Release */,
			);
			defaultConfigurationIsVisible = 0;
			defaultConfigurationName = Release;
		};
/* End XCConfigurationList section */
	};
	rootObject = 3E9F6AD4212EFE84005E76DA /* Project object */;
}
